{
  "name": "rest-query",
  "version": "0.70.8",
  "lockfileVersion": 3,
  "requires": true,
  "packages": {
    "": {
      "name": "rest-query",
      "version": "0.70.8",
      "license": "MIT",
      "dependencies": {
        "array-kit": "^0.2.6",
        "doormen": "^0.15.5",
        "error-status": "^1.12.1",
        "exm": "^0.5.12",
        "hash-kit": "^0.3.10",
        "json-kit": "^0.7.2",
        "kung-fig": "^0.67.2",
        "logfella": "^2.0.2",
        "logfella-client": "^1.3.0",
        "qs-kit": "^0.7.0",
        "rest-query-shared": "^0.35.1",
        "roots-db": "^0.40.10",
        "roots-scheduler": "^0.2.2",
        "server-kit": "^0.10.2",
        "seventh": "^0.9.2",
        "string-kit": "^0.18.2",
        "token-kit": "^0.2.1",
        "tree-kit": "^0.8.7",
        "utterminal": "^0.7.0"
      },
      "bin": {
        "rest-query": "bin/rest-query"
      },
      "devDependencies": {
        "form-data": "^4.0.0",
        "fs-kit": "^0.6.5",
        "minimist": "^1.2.8",
        "mongodb": "^5.9.2",
        "stream-kit": "^0.4.15"
      },
      "engines": {
        "node": ">=16.13.0"
      }
    },
    "node_modules/@cronvel/get-pixels": {
      "version": "3.4.1",
      "resolved": "https://registry.npmjs.org/@cronvel/get-pixels/-/get-pixels-3.4.1.tgz",
      "integrity": "sha512-gB5C5nDIacLUdsMuW8YsM9SzK3vaFANe4J11CVXpovpy7bZUGrcJKmc6m/0gWG789pKr6XSZY2aEetjFvSRw5g==",
      "dependencies": {
        "jpeg-js": "^0.4.4",
        "ndarray": "^1.0.19",
        "ndarray-pack": "^1.1.1",
        "node-bitmap": "0.0.1",
        "omggif": "^1.0.10",
        "pngjs": "^6.0.0"
      }
    },
    "node_modules/@mongodb-js/saslprep": {
      "version": "1.1.5",
      "resolved": "https://registry.npmjs.org/@mongodb-js/saslprep/-/saslprep-1.1.5.tgz",
      "integrity": "sha512-XLNOMH66KhJzUJNwT/qlMnS4WsNDWD5ASdyaSH3EtK+F4r/CFGa3jT4GNi4mfOitGvWXtdLgQJkQjxSVrio+jA==",
      "optional": true,
      "dependencies": {
        "sparse-bitfield": "^3.0.3"
      }
    },
    "node_modules/@mongodb-js/zstd": {
      "version": "1.2.0",
      "resolved": "https://registry.npmjs.org/@mongodb-js/zstd/-/zstd-1.2.0.tgz",
      "integrity": "sha512-sKHsJU2MXsp822IFXOHw/4mpFulScNHpZzVy1Zi5k5wBsdiAPx1QramyOXZkpacla+2QPEC/s7TxPlEhG/HuNQ==",
      "engines": {
        "node": ">= 10"
      },
      "optionalDependencies": {
        "@mongodb-js/zstd-darwin-arm64": "1.2.0",
        "@mongodb-js/zstd-darwin-x64": "1.2.0",
        "@mongodb-js/zstd-linux-arm64-gnu": "1.2.0",
        "@mongodb-js/zstd-linux-arm64-musl": "1.2.0",
        "@mongodb-js/zstd-linux-x64-gnu": "1.2.0",
        "@mongodb-js/zstd-linux-x64-musl": "1.2.0",
        "@mongodb-js/zstd-win32-x64-msvc": "1.2.0"
      }
    },
    "node_modules/@mongodb-js/zstd-darwin-arm64": {
      "version": "1.2.0",
      "resolved": "https://registry.npmjs.org/@mongodb-js/zstd-darwin-arm64/-/zstd-darwin-arm64-1.2.0.tgz",
      "integrity": "sha512-QWgW6IkWp3ErBXOvlOj9lw3lwMfey7eXh/p/Srb/7sEiu1e0yEO+LQ8IctmDWh8bfznKXmwUC0h7LKDbYR30yw==",
      "cpu": [
        "arm64"
      ],
      "optional": true,
      "os": [
        "darwin"
      ],
      "engines": {
        "node": ">= 10"
      }
    },
    "node_modules/@mongodb-js/zstd-darwin-x64": {
      "version": "1.2.0",
      "resolved": "https://registry.npmjs.org/@mongodb-js/zstd-darwin-x64/-/zstd-darwin-x64-1.2.0.tgz",
      "integrity": "sha512-VnxYO8P2SWubdnydGId5+6veO6Ki6nxCr/pTaDZd8s4Urn6bDdXSX6YsZ0r42dO3Fa0FVYzrlcVAuNB67e2b6w==",
      "cpu": [
        "x64"
      ],
      "optional": true,
      "os": [
        "darwin"
      ],
      "engines": {
        "node": ">= 10"
      }
    },
    "node_modules/@mongodb-js/zstd-linux-arm64-gnu": {
      "version": "1.2.0",
      "resolved": "https://registry.npmjs.org/@mongodb-js/zstd-linux-arm64-gnu/-/zstd-linux-arm64-gnu-1.2.0.tgz",
      "integrity": "sha512-TYF0XgNJW6UrvtY2u4Uuo5HiVWNgWNZ/ae2BhVp8hNsDhwFqb/YNoyiZqBei6whUwr8hecMy0UaHAXm3h+O2+Q==",
      "cpu": [
        "arm64"
      ],
      "optional": true,
      "os": [
        "linux"
      ],
      "engines": {
        "node": ">= 10"
      }
    },
    "node_modules/@mongodb-js/zstd-linux-arm64-musl": {
      "version": "1.2.0",
      "resolved": "https://registry.npmjs.org/@mongodb-js/zstd-linux-arm64-musl/-/zstd-linux-arm64-musl-1.2.0.tgz",
      "integrity": "sha512-e2ClmJI1BvJq23VSLH14hgjjjcMOad3R/Ap7Q7dTa1uiVSJG4xKd2CmrWQgX1Az4/EfUMWEI7pb4yuanbdd2AQ==",
      "cpu": [
        "arm64"
      ],
      "optional": true,
      "os": [
        "linux"
      ],
      "engines": {
        "node": ">= 10"
      }
    },
    "node_modules/@mongodb-js/zstd-linux-x64-gnu": {
      "version": "1.2.0",
      "resolved": "https://registry.npmjs.org/@mongodb-js/zstd-linux-x64-gnu/-/zstd-linux-x64-gnu-1.2.0.tgz",
      "integrity": "sha512-JuoK8lxUlkFPDBfsBUJKnLxpXA5ar+v7G43lIUlBKgjOp5aEWO/qQp5sNgCRnYA7x6PItYqIkEJjsays4N6JOA==",
      "cpu": [
        "x64"
      ],
      "optional": true,
      "os": [
        "linux"
      ],
      "engines": {
        "node": ">= 10"
      }
    },
    "node_modules/@mongodb-js/zstd-linux-x64-musl": {
      "version": "1.2.0",
      "resolved": "https://registry.npmjs.org/@mongodb-js/zstd-linux-x64-musl/-/zstd-linux-x64-musl-1.2.0.tgz",
      "integrity": "sha512-pSb1iUF3Gc/qrJuP/Mi5ry4YFAUdUVFKNRZh1KTDDhSWyRCLd9gKcNdRnXqJjIdeGGEKf4bhtZAbYw4i/g0foA==",
      "cpu": [
        "x64"
      ],
      "optional": true,
      "os": [
        "linux"
      ],
      "engines": {
        "node": ">= 10"
      }
    },
    "node_modules/@mongodb-js/zstd-win32-x64-msvc": {
      "version": "1.2.0",
      "resolved": "https://registry.npmjs.org/@mongodb-js/zstd-win32-x64-msvc/-/zstd-win32-x64-msvc-1.2.0.tgz",
      "integrity": "sha512-iz4Yl+WK3yr/4Yg6F4tKz3X9+yMZDK6pyBMA0CdXydSDZs6o2XQ2I0ZSu3oSk/ACfaZX3SNfRi3XTGgAM1eKZA==",
      "cpu": [
        "x64"
      ],
      "optional": true,
      "os": [
        "win32"
      ],
      "engines": {
        "node": ">= 10"
      }
    },
    "node_modules/@types/node": {
      "version": "20.11.30",
      "resolved": "https://registry.npmjs.org/@types/node/-/node-20.11.30.tgz",
      "integrity": "sha512-dHM6ZxwlmuZaRmUPfv1p+KrdD1Dci04FbdEm/9wEMouFqxYoFl5aMkt0VMAUtYRQDyYvD41WJLukhq/ha3YuTw==",
      "dependencies": {
        "undici-types": "~5.26.4"
      }
    },
    "node_modules/@types/webidl-conversions": {
      "version": "7.0.3",
      "resolved": "https://registry.npmjs.org/@types/webidl-conversions/-/webidl-conversions-7.0.3.tgz",
      "integrity": "sha512-CiJJvcRtIgzadHCYXw7dqEnMNRjhGZlYK05Mj9OyktqV8uVT8fD2BFOB7S1uwBE3Kj2Z+4UyPmFw/Ixgw/LAlA=="
    },
    "node_modules/@types/whatwg-url": {
      "version": "8.2.2",
      "resolved": "https://registry.npmjs.org/@types/whatwg-url/-/whatwg-url-8.2.2.tgz",
      "integrity": "sha512-FtQu10RWgn3D9U4aazdwIE2yzphmTJREDqNdODHrbrZmmMqI0vMheC/6NE/J1Yveaj8H+ela+YwWTjq5PGmuhA==",
      "dependencies": {
        "@types/node": "*",
        "@types/webidl-conversions": "*"
      }
    },
    "node_modules/abbrev": {
      "version": "1.1.1",
      "resolved": "https://registry.npmjs.org/abbrev/-/abbrev-1.1.1.tgz",
      "integrity": "sha512-nne9/IiQ/hzIhY6pdDnbBtz7DjPTKrY00P/zvPSm5pOFkl6xuGrGnXn/VtTNNfNtAfZ9/1RtehkszU9qcTii0Q=="
    },
    "node_modules/array-kit": {
      "version": "0.2.6",
      "resolved": "https://registry.npmjs.org/array-kit/-/array-kit-0.2.6.tgz",
      "integrity": "sha512-8PJjj1cFjCMnTXMzRC3rgbdZhDy3G2hLaHdjYd0E3dTDCbrmTcSwfqVN0oTULEL3qNrzBSSS8TmzMJRe3j1jxA=="
    },
    "node_modules/asynckit": {
      "version": "0.4.0",
      "resolved": "https://registry.npmjs.org/asynckit/-/asynckit-0.4.0.tgz",
      "integrity": "sha512-Oei9OH4tRh0YqU3GxhX79dM/mwVgvbZJaSNaRk+bshkj0S5cfHcgYakreBjrHwatXKbz+IoIdYLxrKim2MjW0Q==",
      "dev": true
    },
    "node_modules/babel-tower": {
      "version": "0.21.3",
      "resolved": "https://registry.npmjs.org/babel-tower/-/babel-tower-0.21.3.tgz",
      "integrity": "sha512-uYJ7wuJgchFDIiBeDMb64NgcoSdWxcuCBFkDm5LJjGhun92whsJrwMC5k0FcfPMmlcPW/P5WfCHc8sL+KBqhgw==",
      "dependencies": {
        "kung-fig-ref": "^0.46.2",
        "string-kit": "^0.17.10"
      },
      "engines": {
        "node": ">=14.15.0"
      }
    },
    "node_modules/babel-tower/node_modules/string-kit": {
      "version": "0.17.10",
      "resolved": "https://registry.npmjs.org/string-kit/-/string-kit-0.17.10.tgz",
      "integrity": "sha512-n3/2BeEJrlzztoxeBTt9DVh0dfHordBuZoFsSJs59tk1JoPVvtvNsvAgqu0Nlpj5Y/qoQbnT8jCnfuoHcsfGnw==",
      "engines": {
        "node": ">=14.15.0"
      }
    },
    "node_modules/balanced-match": {
      "version": "1.0.2",
      "resolved": "https://registry.npmjs.org/balanced-match/-/balanced-match-1.0.2.tgz",
      "integrity": "sha512-3oSeUO0TMV67hN1AmbXsK4yaqU7tjiHlbxRDZOpH0KW9+CeX4bRAaX0Anxt0tx2MrpRpWwQaPwIlISEJhYU5Pw=="
    },
    "node_modules/brace-expansion": {
      "version": "1.1.11",
      "resolved": "https://registry.npmjs.org/brace-expansion/-/brace-expansion-1.1.11.tgz",
      "integrity": "sha512-iCuPHDFgrHX7H2vEI/5xpz07zSHB00TpugqhmYtVmMO6518mCuRMoOYFldEBl0g187ufozdaHgWKcYFb61qGiA==",
      "dependencies": {
        "balanced-match": "^1.0.0",
        "concat-map": "0.0.1"
      }
    },
    "node_modules/bson": {
      "version": "5.5.1",
      "resolved": "https://registry.npmjs.org/bson/-/bson-5.5.1.tgz",
      "integrity": "sha512-ix0EwukN2EpC0SRWIj/7B5+A6uQMQy6KMREI9qQqvgpkV2frH63T0UDVd1SYedL6dNCmDBYB3QtXi4ISk9YT+g==",
      "engines": {
        "node": ">=14.20.1"
      }
    },
    "node_modules/chroma-js": {
      "version": "2.4.2",
      "resolved": "https://registry.npmjs.org/chroma-js/-/chroma-js-2.4.2.tgz",
      "integrity": "sha512-U9eDw6+wt7V8z5NncY2jJfZa+hUH8XEj8FQHgFJTrUFnJfXYf4Ml4adI2vXZOjqRDpFWtYVWypDfZwnJ+HIR4A=="
    },
    "node_modules/combined-stream": {
      "version": "1.0.8",
      "resolved": "https://registry.npmjs.org/combined-stream/-/combined-stream-1.0.8.tgz",
      "integrity": "sha512-FQN4MRfuJeHf7cBbBMJFXhKSDq+2kAArBlmRBvcvFE5BB1HZKXtSFASDhdlz9zOYwxh8lDdnvmMOe/+5cdoEdg==",
      "dev": true,
      "dependencies": {
        "delayed-stream": "~1.0.0"
      },
      "engines": {
        "node": ">= 0.8"
      }
    },
    "node_modules/concat-map": {
      "version": "0.0.1",
      "resolved": "https://registry.npmjs.org/concat-map/-/concat-map-0.0.1.tgz",
      "integrity": "sha512-/Srv4dswyQNBfohGpz9o6Yb3Gz3SrUDqBH5rTuhGR7ahtlbYKnVxw2bCFMRljaA7EXHaXZ8wsHdodFvbkhKmqg=="
    },
    "node_modules/cwise-compiler": {
      "version": "1.1.3",
      "resolved": "https://registry.npmjs.org/cwise-compiler/-/cwise-compiler-1.1.3.tgz",
      "integrity": "sha512-WXlK/m+Di8DMMcCjcWr4i+XzcQra9eCdXIJrgh4TUgh0pIS/yJduLxS9JgefsHJ/YVLdgPtXm9r62W92MvanEQ==",
      "dependencies": {
        "uniq": "^1.0.0"
      }
    },
    "node_modules/delayed-stream": {
      "version": "1.0.0",
      "resolved": "https://registry.npmjs.org/delayed-stream/-/delayed-stream-1.0.0.tgz",
      "integrity": "sha512-ZySD7Nf91aLB0RxL4KGrKHBXl7Eds1DAmEdcoVawXnLD7SDhpNgtuII2aAkg7a7QS41jxPSZ17p4VdGnMHk3MQ==",
      "dev": true,
      "engines": {
        "node": ">=0.4.0"
      }
    },
    "node_modules/doormen": {
      "version": "0.15.5",
      "resolved": "https://registry.npmjs.org/doormen/-/doormen-0.15.5.tgz",
      "integrity": "sha512-DGk8Iu79mrvsmevZ6NsUc5hf9HaHxQqkNWstNNKj4TIqA6m9C0ch+2QEWPJVRv73R4B6oJN85l1GC4NdnLYAwg==",
      "dependencies": {
        "string-kit": "^0.18.1",
        "tree-kit": "^0.8.7"
      },
      "engines": {
        "node": ">=16.13.0"
      }
    },
    "node_modules/error-status": {
      "version": "1.12.1",
      "resolved": "https://registry.npmjs.org/error-status/-/error-status-1.12.1.tgz",
      "integrity": "sha512-fp7kpG9d9ymMgoFhLVsQpawq16zvIv5Eo7mka4B0yJORtdHMWrghY23ShzWOP/ZpLQJ2jGdGEG4JOKtx4J/oDw=="
    },
    "node_modules/exec-kit": {
      "version": "0.1.0",
      "resolved": "https://registry.npmjs.org/exec-kit/-/exec-kit-0.1.0.tgz",
      "integrity": "sha512-OVoCzGZHzHZ7ubkvZtA1jIDJCeH6F/kzI0Fe5n52E302Lqgqfcph4Q8CmkMGhaO93I+Xg1JUq6DId9uoTBniyw==",
      "dependencies": {
        "seventh": "^0.7.35"
      },
      "engines": {
        "node": ">=12.0.0"
      }
    },
    "node_modules/exec-kit/node_modules/seventh": {
      "version": "0.7.40",
      "resolved": "https://registry.npmjs.org/seventh/-/seventh-0.7.40.tgz",
      "integrity": "sha512-7sxUydQx4iEh17uJUFjZDAwbffJirldZaNIJvVB/hk9mPEL3J4GpLGSL+mHFH2ydkye46DAsLGqzFJ+/Qj5foQ==",
      "dependencies": {
        "setimmediate": "^1.0.5"
      },
      "engines": {
        "node": ">=7.6.0"
      }
    },
    "node_modules/exm": {
      "version": "0.5.12",
      "resolved": "https://registry.npmjs.org/exm/-/exm-0.5.12.tgz",
      "integrity": "sha512-hazUp/DLTFq5Qft0lGWzHEL2ekD/BoP4O9/drcWdx8kbphJOjYbiFMqUzcQIKC5Bms7lpXinO3nQXZCA7tDUIA==",
      "dependencies": {
        "exec-kit": "^0.1.0",
        "lazyness": "^1.2.0"
      },
      "engines": {
        "node": ">=14.15.0"
      }
    },
    "node_modules/form-data": {
      "version": "4.0.0",
      "resolved": "https://registry.npmjs.org/form-data/-/form-data-4.0.0.tgz",
      "integrity": "sha512-ETEklSGi5t0QMZuiXoA/Q6vcnxcLQP5vdugSpuAyi6SVGi2clPPp+xgEhuMaHC+zGgn31Kd235W35f7Hykkaww==",
      "dev": true,
      "dependencies": {
        "asynckit": "^0.4.0",
        "combined-stream": "^1.0.8",
        "mime-types": "^2.1.12"
      },
      "engines": {
        "node": ">= 6"
      }
    },
    "node_modules/fs-kit": {
      "version": "0.6.5",
      "resolved": "https://registry.npmjs.org/fs-kit/-/fs-kit-0.6.5.tgz",
      "integrity": "sha512-xu4ENbM8qmL79lpzK9Gyv2+tOv0hGwcK69QdVuvFnDizkW69u4JL3wCGpTXoqZdJSuA5Ghm6UqV11c+E+D8EjA==",
      "dependencies": {
        "glob": "^7.1.6",
        "ncp": "^2.0.0",
        "rimraf": "^3.0.2",
        "seventh": "^0.7.36",
        "tmp": "^0.1.0",
        "touch": "^3.1.0"
      },
      "engines": {
        "node": ">=12.0.0"
      }
    },
    "node_modules/fs-kit/node_modules/seventh": {
      "version": "0.7.40",
      "resolved": "https://registry.npmjs.org/seventh/-/seventh-0.7.40.tgz",
      "integrity": "sha512-7sxUydQx4iEh17uJUFjZDAwbffJirldZaNIJvVB/hk9mPEL3J4GpLGSL+mHFH2ydkye46DAsLGqzFJ+/Qj5foQ==",
      "dependencies": {
        "setimmediate": "^1.0.5"
      },
      "engines": {
        "node": ">=7.6.0"
      }
    },
    "node_modules/fs.realpath": {
      "version": "1.0.0",
      "resolved": "https://registry.npmjs.org/fs.realpath/-/fs.realpath-1.0.0.tgz",
      "integrity": "sha512-OO0pH2lK6a0hZnAdau5ItzHPI6pUlvI7jMVnxUQRtw4owF2wk8lOSabtGDCTP4Ggrg2MbGnWO9X8K1t4+fGMDw=="
    },
    "node_modules/glob": {
      "version": "7.2.3",
      "resolved": "https://registry.npmjs.org/glob/-/glob-7.2.3.tgz",
      "integrity": "sha512-nFR0zLpU2YCaRxwoCJvL6UvCH2JFyFVIvwTLsIf21AuHlMskA1hhTdk+LlYJtOlYt9v6dvszD2BGRqBL+iQK9Q==",
      "dependencies": {
        "fs.realpath": "^1.0.0",
        "inflight": "^1.0.4",
        "inherits": "2",
        "minimatch": "^3.1.1",
        "once": "^1.3.0",
        "path-is-absolute": "^1.0.0"
      },
      "engines": {
        "node": "*"
      },
      "funding": {
        "url": "https://github.com/sponsors/isaacs"
      }
    },
    "node_modules/hash-kit": {
      "version": "0.3.10",
      "resolved": "https://registry.npmjs.org/hash-kit/-/hash-kit-0.3.10.tgz",
      "integrity": "sha512-22Dx9MQvVohpargo4b4P/uwnibjvmXcWEhEPSjJv7sFAl54Rw13pZdeJcC6+5r24yrepvZGpVJp/q9/1moQM4g==",
      "engines": {
        "node": ">=4.5.0"
      }
    },
    "node_modules/inflight": {
      "version": "1.0.6",
      "resolved": "https://registry.npmjs.org/inflight/-/inflight-1.0.6.tgz",
      "integrity": "sha512-k92I/b08q4wvFscXCLvqfsHCrjrF7yiXsQuIVvVE7N82W3+aqpzuUdBbfhWcy/FZR3/4IgflMgKLOsvPDrGCJA==",
      "dependencies": {
        "once": "^1.3.0",
        "wrappy": "1"
      }
    },
    "node_modules/inherits": {
      "version": "2.0.4",
      "resolved": "https://registry.npmjs.org/inherits/-/inherits-2.0.4.tgz",
      "integrity": "sha512-k/vGaX4/Yla3WzyMCvTQOXYeIHvqOKtnqBduzTHpzpQZzAskKMhZ2K+EnBiSM9zGSoIFeMpXKxa4dYeZIQqewQ=="
    },
    "node_modules/iota-array": {
      "version": "1.0.0",
      "resolved": "https://registry.npmjs.org/iota-array/-/iota-array-1.0.0.tgz",
      "integrity": "sha512-pZ2xT+LOHckCatGQ3DcG/a+QuEqvoxqkiL7tvE8nn3uuu+f6i1TtpB5/FtWFbxUuVr5PZCx8KskuGatbJDXOWA=="
    },
    "node_modules/ip-address": {
      "version": "9.0.5",
      "resolved": "https://registry.npmjs.org/ip-address/-/ip-address-9.0.5.tgz",
      "integrity": "sha512-zHtQzGojZXTwZTHQqra+ETKd4Sn3vgi7uBmlPoXVWZqYvuKmtI0l/VZTjqGmJY9x88GGOaZ9+G9ES8hC4T4X8g==",
      "dependencies": {
        "jsbn": "1.1.0",
        "sprintf-js": "^1.1.3"
      },
      "engines": {
        "node": ">= 12"
      }
    },
    "node_modules/is-buffer": {
      "version": "1.1.6",
      "resolved": "https://registry.npmjs.org/is-buffer/-/is-buffer-1.1.6.tgz",
      "integrity": "sha512-NcdALwpXkTm5Zvvbk7owOUSvVvBKDgKP5/ewfXEznmQFfs4ZRmanOeKBTjRVjka3QFoN6XJ+9F3USqfHqTaU5w=="
    },
    "node_modules/jpeg-js": {
      "version": "0.4.4",
      "resolved": "https://registry.npmjs.org/jpeg-js/-/jpeg-js-0.4.4.tgz",
      "integrity": "sha512-WZzeDOEtTOBK4Mdsar0IqEU5sMr3vSV2RqkAIzUEV2BHnUfKGyswWFPFwK5EeDo93K3FohSHbLAjj0s1Wzd+dg=="
    },
    "node_modules/jsbn": {
      "version": "1.1.0",
      "resolved": "https://registry.npmjs.org/jsbn/-/jsbn-1.1.0.tgz",
      "integrity": "sha512-4bYVV3aAMtDTTu4+xsDYa6sy9GyJ69/amsu9sYF2zqjiEoZA5xJi3BrfX3uY+/IekIu7MwdObdbDWpoZdBv3/A=="
    },
    "node_modules/json-kit": {
      "version": "0.7.2",
      "resolved": "https://registry.npmjs.org/json-kit/-/json-kit-0.7.2.tgz",
      "integrity": "sha512-tKeAngmuEVEIoCydDJKdT+tltkBAi13VirsmeS06f5qcrv7WAWE7zL5dX/Be81yuntAhjmLbyYXkGuJvvKpwmg==",
      "dependencies": {
        "minimist": "^1.2.6",
        "smart-preprocessor": "^0.3.5"
      },
      "bin": {
        "json-kit-builder": "bin/json-kit-builder"
      }
    },
    "node_modules/kung-fig": {
      "version": "0.67.2",
      "resolved": "https://registry.npmjs.org/kung-fig/-/kung-fig-0.67.2.tgz",
      "integrity": "sha512-Atm6OVFauEhSZJ2MH8ENcfgvoVkHIExN1Aab32v+atIxGQDOCwY3EnQeB/MSXJpQF+s7MI2gULxEvSeW6UtaDw==",
      "dependencies": {
        "glob": "^8.1.0",
        "hash-kit": "^0.3.10",
        "kung-fig-common": "^0.43.1",
        "kung-fig-dynamic": "^0.43.2",
        "kung-fig-dynamic-instance": "^0.45.0",
        "kung-fig-expression": "^0.49.1",
        "kung-fig-ref": "^0.46.3",
        "kung-fig-template": "^0.50.1",
        "seventh": "^0.9.2",
        "stats-modifiers": "^0.8.0",
        "string-kit": "^0.18.0",
        "tree-kit": "^0.8.5"
      },
      "engines": {
        "node": ">=16.13.0"
      }
    },
    "node_modules/kung-fig-common": {
      "version": "0.43.1",
      "resolved": "https://registry.npmjs.org/kung-fig-common/-/kung-fig-common-0.43.1.tgz",
      "integrity": "sha512-0NyLdlaZxIx/48aAEuqqUdjVixcmqKcJDzBsmU+klJkE0RRNDThAzk6GNUR7JjqgYBcTe28GOtgzwxMyL+/j4Q==",
      "engines": {
        "node": ">=14.15.0"
      }
    },
    "node_modules/kung-fig-dynamic": {
      "version": "0.43.2",
      "resolved": "https://registry.npmjs.org/kung-fig-dynamic/-/kung-fig-dynamic-0.43.2.tgz",
      "integrity": "sha512-Oi/FcUTFipWUQQ0lDWVzBJq8tprU0inxW0PasSrTMcq5FvZ5gtaPtVlCzBbQlY16oH1vKpSuUbgMnS15YBBfeA==",
      "engines": {
        "node": ">=6.0.0"
      }
    },
    "node_modules/kung-fig-dynamic-instance": {
      "version": "0.45.0",
      "resolved": "https://registry.npmjs.org/kung-fig-dynamic-instance/-/kung-fig-dynamic-instance-0.45.0.tgz",
      "integrity": "sha512-MHC2wKVoH88mytiH8iEJacTsY6i1fP3rwbbfvZ4IXVKweKXKkVpfRtgFQ7BCe9oVYwq8ECEWKy7kEaZiC9o4Lw==",
      "dependencies": {
        "kung-fig-dynamic": "^0.43.1"
      },
      "engines": {
        "node": ">=6.0.0"
      }
    },
    "node_modules/kung-fig-expression": {
      "version": "0.49.1",
      "resolved": "https://registry.npmjs.org/kung-fig-expression/-/kung-fig-expression-0.49.1.tgz",
      "integrity": "sha512-DtL0RLzEHAMkBXarCOe3dOwwFJIAjHvXxhDE8ubHIRRM4IF+4F6E8j02vxCZUox4eqm1EapgL5gD9o7P08l/4A==",
      "dependencies": {
        "kung-fig-common": "^0.43.0",
        "kung-fig-dynamic": "^0.43.2",
        "kung-fig-ref": "^0.46.3"
      },
      "engines": {
        "node": ">=14.15.0"
      }
    },
    "node_modules/kung-fig-ref": {
      "version": "0.46.3",
      "resolved": "https://registry.npmjs.org/kung-fig-ref/-/kung-fig-ref-0.46.3.tgz",
      "integrity": "sha512-h++vWjyZfbsIq6iZTbOtxYdh9EzshzGmwVcOBJzVqG39F5EnS3eMmH7/8Sxgc9EMzIr+Ia0GDx3ClIQeyKRutQ==",
      "dependencies": {
        "kung-fig-common": "^0.43.0",
        "kung-fig-dynamic": "^0.43.2"
      },
      "engines": {
        "node": ">=14.15.0"
      }
    },
    "node_modules/kung-fig-template": {
      "version": "0.50.1",
      "resolved": "https://registry.npmjs.org/kung-fig-template/-/kung-fig-template-0.50.1.tgz",
      "integrity": "sha512-hyyk78QlrLyzrgA36LF2KIywNdKbnyQteEHbEhfQ0j3/4/ZvnBG82CYwoDpnPzlVFOO8RDzTOi/7SACLyuezTw==",
      "dependencies": {
        "babel-tower": "^0.21.3",
        "kung-fig-common": "^0.43.0"
      },
      "engines": {
        "node": ">=14.15.0"
      }
    },
    "node_modules/kung-fig-tree-ops": {
      "version": "0.45.5",
      "resolved": "https://registry.npmjs.org/kung-fig-tree-ops/-/kung-fig-tree-ops-0.45.5.tgz",
      "integrity": "sha512-zg84N0uBU/c4nT2gSWuAR5Ca2Q6viubiha178swTxxjpXYgehQkHXpr1ZRJXKl3iJ6pWsuGWaQfTEgbdTxRG8w==",
      "engines": {
        "node": ">=6.0.0"
      }
    },
    "node_modules/kung-fig/node_modules/brace-expansion": {
      "version": "2.0.1",
      "resolved": "https://registry.npmjs.org/brace-expansion/-/brace-expansion-2.0.1.tgz",
      "integrity": "sha512-XnAIvQ8eM+kC6aULx6wuQiwVsnzsi9d3WxzV3FpWTGA19F621kwdbsAcFKXgKUHZWsy+mY6iL1sHTxWEFCytDA==",
      "dependencies": {
        "balanced-match": "^1.0.0"
      }
    },
    "node_modules/kung-fig/node_modules/glob": {
      "version": "8.1.0",
      "resolved": "https://registry.npmjs.org/glob/-/glob-8.1.0.tgz",
      "integrity": "sha512-r8hpEjiQEYlF2QU0df3dS+nxxSIreXQS1qRhMJM0Q5NDdR386C7jb7Hwwod8Fgiuex+k0GFjgft18yvxm5XoCQ==",
      "dependencies": {
        "fs.realpath": "^1.0.0",
        "inflight": "^1.0.4",
        "inherits": "2",
        "minimatch": "^5.0.1",
        "once": "^1.3.0"
      },
      "engines": {
        "node": ">=12"
      },
      "funding": {
        "url": "https://github.com/sponsors/isaacs"
      }
    },
    "node_modules/kung-fig/node_modules/minimatch": {
      "version": "5.1.6",
      "resolved": "https://registry.npmjs.org/minimatch/-/minimatch-5.1.6.tgz",
      "integrity": "sha512-lKwV/1brpG6mBUFHtb7NUmtABCb2WZZmm2wNiOA5hAb8VdCS4B3dtMWyvcoViccwAW/COERjXLt0zP1zXUN26g==",
      "dependencies": {
        "brace-expansion": "^2.0.1"
      },
      "engines": {
        "node": ">=10"
      }
    },
    "node_modules/lazyness": {
      "version": "1.2.0",
      "resolved": "https://registry.npmjs.org/lazyness/-/lazyness-1.2.0.tgz",
      "integrity": "sha512-KenL6EFbwxBwRxG93t0gcUyi0Nw0Ub31FJKN1laA4UscdkL1K1AxUd0gYZdcLU3v+x+wcFi4uQKS5hL+fk500g==",
      "engines": {
        "node": ">=6.0.0"
      }
    },
    "node_modules/logfella": {
      "version": "2.0.2",
      "resolved": "https://registry.npmjs.org/logfella/-/logfella-2.0.2.tgz",
      "integrity": "sha512-mPBWcR24f+1oD+3CX1gH6eAYeIktzpheW0fNTTsu2PsmJCBoR4FGlKY/6oH0gPTr0DrVKWp6L1s+y88gXtPuyg==",
      "dependencies": {
        "kung-fig-tree-ops": "^0.45.5",
        "logfella-common-transport": "^1.0.1",
        "seventh": "^0.9.2",
        "string-kit": "^0.18.0",
        "tree-kit": "^0.8.5"
      },
      "engines": {
        "node": ">=16.13.0"
      }
    },
    "node_modules/logfella-client": {
      "version": "1.3.0",
      "resolved": "https://registry.npmjs.org/logfella-client/-/logfella-client-1.3.0.tgz",
      "integrity": "sha512-NcVcF72VphmToKdB3o3wRtIJnTEe87P3NFRXoXD8G9SoA8RRP5NLWTklcwIOkfR5GWsXKhko12tBZl2xUPaMIw==",
      "dependencies": {
        "logfella": "^1.4.3",
        "string-kit": "^0.17.8",
        "terminal-kit": "^3.0.0",
        "utterminal": "^0.5.51"
      },
      "bin": {
        "logfella-client": "bin/logfella-client"
      },
      "engines": {
        "node": ">=14.15.0"
      }
    },
    "node_modules/logfella-client/node_modules/logfella": {
      "version": "1.4.5",
      "resolved": "https://registry.npmjs.org/logfella/-/logfella-1.4.5.tgz",
      "integrity": "sha512-+4GySHwH0E4GGCHYWzBCL183YA4RpDjmrof86EEhQ8KMx/V3qD1xqn08QRNbSzNeGOIaywrb+8kKpDC3AlNn0Q==",
      "dependencies": {
        "kung-fig-tree-ops": "^0.45.5",
        "logfella-common-transport": "^1.0.1",
        "seventh": "^0.8.2",
        "string-kit": "^0.17.9",
        "tree-kit": "^0.7.4"
      },
      "engines": {
        "node": ">=6.0.0"
      }
    },
    "node_modules/logfella-client/node_modules/seventh": {
      "version": "0.8.3",
      "resolved": "https://registry.npmjs.org/seventh/-/seventh-0.8.3.tgz",
      "integrity": "sha512-iMKkXvJdFwp7Rq/mfoi9ExRER0tJ5wjM/lh/9s4zESYoujrgh1ouRwhCWDfZryerhq1U+nXrhDeT4DhbunF0CA==",
      "dependencies": {
        "setimmediate": "^1.0.5"
      },
      "engines": {
        "node": ">=16.13.0"
      }
    },
    "node_modules/logfella-client/node_modules/string-kit": {
      "version": "0.17.10",
      "resolved": "https://registry.npmjs.org/string-kit/-/string-kit-0.17.10.tgz",
      "integrity": "sha512-n3/2BeEJrlzztoxeBTt9DVh0dfHordBuZoFsSJs59tk1JoPVvtvNsvAgqu0Nlpj5Y/qoQbnT8jCnfuoHcsfGnw==",
      "engines": {
        "node": ">=14.15.0"
      }
    },
    "node_modules/logfella-client/node_modules/tree-kit": {
      "version": "0.7.5",
      "resolved": "https://registry.npmjs.org/tree-kit/-/tree-kit-0.7.5.tgz",
      "integrity": "sha512-CmyY7d0OYE5W6UCmvij+SaocG7z+q4roF+Oj7BtU8B+KlpdiRZRMUwNyqfmWYcpYgsOcY1/dfIx/VsLmbAOLGg=="
    },
    "node_modules/logfella-client/node_modules/utterminal": {
      "version": "0.5.52",
      "resolved": "https://registry.npmjs.org/utterminal/-/utterminal-0.5.52.tgz",
      "integrity": "sha512-KncXbhz+Wq1B7PPgG/wOQcAJjVbxButlws9rJM/+oxJWqdi8xJWxxzIMU5pwZrzMzrjgdGyKUTdZHwAgBlpGrQ==",
      "dependencies": {
        "lazyness": "^1.2.0",
        "string-kit": "^0.17.8",
        "terminal-kit": "^3.0.0",
        "tree-kit": "^0.7.4"
      },
      "engines": {
        "node": ">=6.0.0"
      }
    },
    "node_modules/logfella-common-transport": {
      "version": "1.0.1",
      "resolved": "https://registry.npmjs.org/logfella-common-transport/-/logfella-common-transport-1.0.1.tgz",
      "integrity": "sha512-vYZdCv6qWqByx/g8xGsDIzcaylRScReVaacNeMsNo2ic124fEDLtIdVJapSwAzfpRLAHawkm08czqdSQcsmXmg==",
      "engines": {
        "node": ">=4.0.0"
      }
    },
    "node_modules/memory-pager": {
      "version": "1.5.0",
      "resolved": "https://registry.npmjs.org/memory-pager/-/memory-pager-1.5.0.tgz",
      "integrity": "sha512-ZS4Bp4r/Zoeq6+NLJpP+0Zzm0pR8whtGPf1XExKLJBAczGMnSi3It14OiNCStjQjM6NU1okjQGSxgEZN8eBYKg==",
      "optional": true
    },
    "node_modules/mime-db": {
      "version": "1.52.0",
      "resolved": "https://registry.npmjs.org/mime-db/-/mime-db-1.52.0.tgz",
      "integrity": "sha512-sPU4uV7dYlvtWJxwwxHD0PuihVNiE7TyAbQ5SWxDCB9mUYvOgroQOwYQQOKPJ8CIbE+1ETVlOoK1UC2nU3gYvg==",
      "dev": true,
      "engines": {
        "node": ">= 0.6"
      }
    },
    "node_modules/mime-types": {
      "version": "2.1.35",
      "resolved": "https://registry.npmjs.org/mime-types/-/mime-types-2.1.35.tgz",
      "integrity": "sha512-ZDY+bPm5zTTF+YpCrAU9nK0UgICYPT0QtT1NZWFv4s++TNkcgVaT0g6+4R2uI4MjQjzysHB1zxuWL50hzaeXiw==",
      "dev": true,
      "dependencies": {
        "mime-db": "1.52.0"
      },
      "engines": {
        "node": ">= 0.6"
      }
    },
    "node_modules/minimatch": {
      "version": "3.1.2",
      "resolved": "https://registry.npmjs.org/minimatch/-/minimatch-3.1.2.tgz",
      "integrity": "sha512-J7p63hRiAjw1NDEww1W7i37+ByIrOWO5XQQAzZ3VOcL0PNybwpfmV/N05zFAzwQ9USyEcX6t3UO+K5aqBQOIHw==",
      "dependencies": {
        "brace-expansion": "^1.1.7"
      },
      "engines": {
        "node": "*"
      }
    },
    "node_modules/minimist": {
      "version": "1.2.8",
      "resolved": "https://registry.npmjs.org/minimist/-/minimist-1.2.8.tgz",
      "integrity": "sha512-2yyAR8qBkN3YuheJanUpWC5U3bb5osDywNB8RzDVlDwDHbocAJveqqj1u8+SVD7jkWT4yvsHCpWqqWqAxb0zCA==",
      "funding": {
        "url": "https://github.com/sponsors/ljharb"
      }
    },
    "node_modules/mongodb": {
      "version": "5.9.2",
      "resolved": "https://registry.npmjs.org/mongodb/-/mongodb-5.9.2.tgz",
      "integrity": "sha512-H60HecKO4Bc+7dhOv4sJlgvenK4fQNqqUIlXxZYQNbfEWSALGAwGoyJd/0Qwk4TttFXUOHJ2ZJQe/52ScaUwtQ==",
      "dependencies": {
        "bson": "^5.5.0",
        "mongodb-connection-string-url": "^2.6.0",
        "socks": "^2.7.1"
      },
      "engines": {
        "node": ">=14.20.1"
      },
      "optionalDependencies": {
        "@mongodb-js/saslprep": "^1.1.0"
      },
      "peerDependencies": {
        "@aws-sdk/credential-providers": "^3.188.0",
        "@mongodb-js/zstd": "^1.0.0",
        "kerberos": "^1.0.0 || ^2.0.0",
        "mongodb-client-encryption": ">=2.3.0 <3",
        "snappy": "^7.2.2"
      },
      "peerDependenciesMeta": {
        "@aws-sdk/credential-providers": {
          "optional": true
        },
        "@mongodb-js/zstd": {
          "optional": true
        },
        "kerberos": {
          "optional": true
        },
        "mongodb-client-encryption": {
          "optional": true
        },
        "snappy": {
          "optional": true
        }
      }
    },
    "node_modules/mongodb-connection-string-url": {
      "version": "2.6.0",
      "resolved": "https://registry.npmjs.org/mongodb-connection-string-url/-/mongodb-connection-string-url-2.6.0.tgz",
      "integrity": "sha512-WvTZlI9ab0QYtTYnuMLgobULWhokRjtC7db9LtcVfJ+Hsnyr5eo6ZtNAt3Ly24XZScGMelOcGtm7lSn0332tPQ==",
      "dependencies": {
        "@types/whatwg-url": "^8.2.1",
        "whatwg-url": "^11.0.0"
      }
    },
    "node_modules/ncp": {
      "version": "2.0.0",
      "resolved": "https://registry.npmjs.org/ncp/-/ncp-2.0.0.tgz",
      "integrity": "sha512-zIdGUrPRFTUELUvr3Gmc7KZ2Sw/h1PiVM0Af/oHB6zgnV1ikqSfRk+TOufi79aHYCW3NiOXmr1BP5nWbzojLaA==",
      "bin": {
        "ncp": "bin/ncp"
      }
    },
    "node_modules/ndarray": {
      "version": "1.0.19",
      "resolved": "https://registry.npmjs.org/ndarray/-/ndarray-1.0.19.tgz",
      "integrity": "sha512-B4JHA4vdyZU30ELBw3g7/p9bZupyew5a7tX1Y/gGeF2hafrPaQZhgrGQfsvgfYbgdFZjYwuEcnaobeM/WMW+HQ==",
      "dependencies": {
        "iota-array": "^1.0.0",
        "is-buffer": "^1.0.2"
      }
    },
    "node_modules/ndarray-pack": {
      "version": "1.2.1",
      "resolved": "https://registry.npmjs.org/ndarray-pack/-/ndarray-pack-1.2.1.tgz",
      "integrity": "sha512-51cECUJMT0rUZNQa09EoKsnFeDL4x2dHRT0VR5U2H5ZgEcm95ZDWcMA5JShroXjHOejmAD/fg8+H+OvUnVXz2g==",
      "dependencies": {
        "cwise-compiler": "^1.1.2",
        "ndarray": "^1.0.13"
      }
    },
    "node_modules/nested-proxies": {
      "version": "0.2.1",
      "resolved": "https://registry.npmjs.org/nested-proxies/-/nested-proxies-0.2.1.tgz",
      "integrity": "sha512-mmtgsDIV44f/mmYBsewJ+MEI9l7URqiBDCPCvSbpqE33N62gyK7gOxS9nDuFY6/NKpDiKmKonijSCx7Ylj4oFA==",
      "engines": {
        "node": ">=14.15.0"
      }
    },
    "node_modules/nextgen-events": {
      "version": "1.5.3",
      "resolved": "https://registry.npmjs.org/nextgen-events/-/nextgen-events-1.5.3.tgz",
      "integrity": "sha512-P6qw6kenNXP+J9XlKJNi/MNHUQ+Lx5K8FEcSfX7/w8KJdZan5+BB5MKzuNgL2RTjHG1Svg8SehfseVEp8zAqwA==",
      "engines": {
        "node": ">=6.0.0"
      }
    },
    "node_modules/node-bitmap": {
      "version": "0.0.1",
      "resolved": "https://registry.npmjs.org/node-bitmap/-/node-bitmap-0.0.1.tgz",
      "integrity": "sha512-Jx5lPaaLdIaOsj2mVLWMWulXF6GQVdyLvNSxmiYCvZ8Ma2hfKX0POoR2kgKOqz+oFsRreq0yYZjQ2wjE9VNzCA==",
      "engines": {
        "node": ">=v0.6.5"
      }
    },
    "node_modules/nopt": {
      "version": "1.0.10",
      "resolved": "https://registry.npmjs.org/nopt/-/nopt-1.0.10.tgz",
      "integrity": "sha512-NWmpvLSqUrgrAC9HCuxEvb+PSloHpqVu+FqcO4eeF2h5qYRhA7ev6KvelyQAKtegUbC6RypJnlEOhd8vloNKYg==",
      "dependencies": {
        "abbrev": "1"
      },
      "bin": {
        "nopt": "bin/nopt.js"
      },
      "engines": {
        "node": "*"
      }
    },
    "node_modules/omggif": {
      "version": "1.0.10",
      "resolved": "https://registry.npmjs.org/omggif/-/omggif-1.0.10.tgz",
      "integrity": "sha512-LMJTtvgc/nugXj0Vcrrs68Mn2D1r0zf630VNtqtpI1FEO7e+O9FP4gqs9AcnBaSEeoHIPm28u6qgPR0oyEpGSw=="
    },
    "node_modules/once": {
      "version": "1.4.0",
      "resolved": "https://registry.npmjs.org/once/-/once-1.4.0.tgz",
      "integrity": "sha512-lNaJgI+2Q5URQBkccEKHTQOPaXdUxnZZElQTZY0MFUAuaEqe1E+Nyvgdz/aIyNi6Z9MzO5dv1H8n58/GELp3+w==",
      "dependencies": {
        "wrappy": "1"
      }
    },
    "node_modules/path-is-absolute": {
      "version": "1.0.1",
      "resolved": "https://registry.npmjs.org/path-is-absolute/-/path-is-absolute-1.0.1.tgz",
      "integrity": "sha512-AVbw3UJ2e9bq64vSaS9Am0fje1Pa8pbGqTTsmXfaIiMpnr5DlDhfJOuLj9Sf95ZPVDAUerDfEk88MPmPe7UCQg==",
      "engines": {
        "node": ">=0.10.0"
      }
    },
    "node_modules/pngjs": {
      "version": "6.0.0",
      "resolved": "https://registry.npmjs.org/pngjs/-/pngjs-6.0.0.tgz",
      "integrity": "sha512-TRzzuFRRmEoSW/p1KVAmiOgPco2Irlah+bGFCeNfJXxxYGwSw7YwAOAcd7X28K/m5bjBWKsC29KyoMfHbypayg==",
      "engines": {
        "node": ">=12.13.0"
      }
    },
    "node_modules/punycode": {
      "version": "2.3.1",
      "resolved": "https://registry.npmjs.org/punycode/-/punycode-2.3.1.tgz",
      "integrity": "sha512-vYt7UD1U9Wg6138shLtLOvdAu+8DsC/ilFtEVHcH+wydcSpNE20AfSOduf6MkRFahL5FY7X1oU7nKVZFtfq8Fg==",
      "engines": {
        "node": ">=6"
      }
    },
    "node_modules/qs-kit": {
      "version": "0.7.0",
      "resolved": "https://registry.npmjs.org/qs-kit/-/qs-kit-0.7.0.tgz",
      "integrity": "sha512-dvLNRkrCt2aLd7DEKM0NI09zwY71fmL+vuHE0AEe8hd90qePf4inwHSgBOMG37fzZ21AsOo3yBCClMKNzR1X6Q==",
      "dependencies": {
        "tree-kit": "^0.8.1"
      },
      "engines": {
        "node": ">=16.13.0"
      }
    },
    "node_modules/rest-query-shared": {
      "version": "0.35.1",
      "resolved": "https://registry.npmjs.org/rest-query-shared/-/rest-query-shared-0.35.1.tgz",
      "integrity": "sha512-CL1ceFTBGE3p974ygWtPOZkT46TQ2s2xX/LkcxZw84defUJTtDE8jYUrzgxVPa4Z7BhTTjAZT34nZQfQLiRG9g==",
      "dependencies": {
        "string-kit": "^0.17.10",
        "tree-kit": "^0.8.1"
      },
      "engines": {
        "node": ">=16.13.0"
      }
    },
    "node_modules/rest-query-shared/node_modules/string-kit": {
      "version": "0.17.10",
      "resolved": "https://registry.npmjs.org/string-kit/-/string-kit-0.17.10.tgz",
      "integrity": "sha512-n3/2BeEJrlzztoxeBTt9DVh0dfHordBuZoFsSJs59tk1JoPVvtvNsvAgqu0Nlpj5Y/qoQbnT8jCnfuoHcsfGnw==",
      "engines": {
        "node": ">=14.15.0"
      }
    },
    "node_modules/rimraf": {
      "version": "3.0.2",
      "resolved": "https://registry.npmjs.org/rimraf/-/rimraf-3.0.2.tgz",
      "integrity": "sha512-JZkJMZkAGFFPP2YqXZXPbMlMBgsxzE8ILs4lMIX/2o0L9UBw9O/Y3o6wFw/i9YLapcUJWwqbi3kdxIPdC62TIA==",
      "dependencies": {
        "glob": "^7.1.3"
      },
      "bin": {
        "rimraf": "bin.js"
      },
      "funding": {
        "url": "https://github.com/sponsors/isaacs"
      }
    },
    "node_modules/roots-db": {
      "version": "0.40.10",
      "resolved": "https://registry.npmjs.org/roots-db/-/roots-db-0.40.10.tgz",
      "integrity": "sha512-FTvip3tgXzFh/IyZEW/QLUFRNeeyMEWSBLlz3TlgXBaEP59nD/NYpzimmhbMOEjozkT5GtVa63KNNd4Z5Q/kBA==",
      "dependencies": {
        "@mongodb-js/zstd": "^1.2.0",
        "doormen": "^0.15.5",
        "error-status": "^1.12.1",
        "exm": "^0.5.12",
        "fs-kit": "^0.6.5",
        "hash-kit": "^0.3.10",
        "logfella": "^2.0.2",
        "mongodb": "^5.9.2",
        "nested-proxies": "^0.2.1",
        "seventh": "^0.9.2",
        "stream-kit": "^0.4.15",
        "tree-kit": "^0.8.7"
      },
      "engines": {
        "node": ">=16.13.0"
      }
    },
    "node_modules/roots-scheduler": {
      "version": "0.2.2",
      "resolved": "https://registry.npmjs.org/roots-scheduler/-/roots-scheduler-0.2.2.tgz",
      "integrity": "sha512-eCL1Lsx5FlcfaVylaQ3/+UOHAGbodMqwVeQDg6asHRiPa4B7zh2TS+mshbto0w3SFuBQqI5xB40K3MaIzdl++w==",
      "dependencies": {
        "logfella": "^2.0.2",
        "nextgen-events": "^1.5.3",
        "roots-db": "^0.40.0",
        "seventh": "^0.9.2"
      },
      "engines": {
        "node": ">=16.13.0"
      }
    },
    "node_modules/server-kit": {
      "version": "0.10.2",
      "resolved": "https://registry.npmjs.org/server-kit/-/server-kit-0.10.2.tgz",
      "integrity": "sha512-RKLFA5DCFMXETPXeWNFkqt4htu5J8X8swLFzeJjHXTLScf4igyp4Bb4edC5J9i8l0djp9CacRaorisIcStRpQw==",
      "dependencies": {
        "hash-kit": "^0.3.10",
        "lazyness": "^1.2.0",
        "logfella": "^2.0.1",
        "nextgen-events": "^1.5.3",
        "qs-kit": "^0.7.0",
        "server-kit-dicer": "^0.5.0",
        "seventh": "^0.9.2",
        "ws": "^7.5.9"
      },
      "bin": {
        "server-kit-file-router": "bin/file-router.js"
      },
      "engines": {
        "node": ">=16.13.0"
      }
    },
    "node_modules/server-kit-dicer": {
      "version": "0.5.0",
      "resolved": "https://registry.npmjs.org/server-kit-dicer/-/server-kit-dicer-0.5.0.tgz",
      "integrity": "sha512-7i1ErfRGLqq7KNKKHdaHITz2MWqKws423uXVp1Nu6nKh58KHfn2uoXLsR3agGFs7j36Nyea5N2iYgDJfqJXgmQ==",
      "dependencies": {
        "streamsearch": "0.1.2"
      },
      "engines": {
        "node": ">=4.5.0"
      }
    },
    "node_modules/setimmediate": {
      "version": "1.0.5",
      "resolved": "https://registry.npmjs.org/setimmediate/-/setimmediate-1.0.5.tgz",
      "integrity": "sha512-MATJdZp8sLqDl/68LfQmbP8zKPLQNV6BIZoIgrscFDQ+RsvK/BxeDQOgyxKKoh0y/8h3BqVFnCqQ/gd+reiIXA=="
    },
    "node_modules/seventh": {
      "version": "0.9.2",
      "resolved": "https://registry.npmjs.org/seventh/-/seventh-0.9.2.tgz",
      "integrity": "sha512-C+dnbBXIEycnrN6/CpFt/Rt8ccMzAX3wbwJU61RTfC8lYPMzSkKkAVWnUEMTZDHdvtlrTupZeCUK4G+uP4TmRQ==",
      "dependencies": {
        "setimmediate": "^1.0.5"
      },
      "engines": {
        "node": ">=16.13.0"
      }
    },
    "node_modules/smart-buffer": {
      "version": "4.2.0",
      "resolved": "https://registry.npmjs.org/smart-buffer/-/smart-buffer-4.2.0.tgz",
      "integrity": "sha512-94hK0Hh8rPqQl2xXc3HsaBoOXKV20MToPkcXvwbISWLEs+64sBq5kFgn2kJDHb1Pry9yrP0dxrCI9RRci7RXKg==",
      "engines": {
        "node": ">= 6.0.0",
        "npm": ">= 3.0.0"
      }
    },
    "node_modules/smart-preprocessor": {
      "version": "0.3.5",
      "resolved": "https://registry.npmjs.org/smart-preprocessor/-/smart-preprocessor-0.3.5.tgz",
      "integrity": "sha512-YJCwX7y1zHM4s6/lrejzru7VMNw1hbyorJxvy+skc/0EnXfsysT3jEu4Z9aPLlWU8bBCGqq1JOX0NRX/byhZbw==",
      "dependencies": {
        "minimist": "^1.2.6"
      },
      "bin": {
        "smart-preprocessor": "bin/smart-preprocessor"
      }
    },
    "node_modules/socks": {
      "version": "2.8.1",
      "resolved": "https://registry.npmjs.org/socks/-/socks-2.8.1.tgz",
      "integrity": "sha512-B6w7tkwNid7ToxjZ08rQMT8M9BJAf8DKx8Ft4NivzH0zBUfd6jldGcisJn/RLgxcX3FPNDdNQCUEMMT79b+oCQ==",
      "dependencies": {
        "ip-address": "^9.0.5",
        "smart-buffer": "^4.2.0"
      },
      "engines": {
        "node": ">= 10.0.0",
        "npm": ">= 3.0.0"
      }
    },
    "node_modules/sparse-bitfield": {
      "version": "3.0.3",
      "resolved": "https://registry.npmjs.org/sparse-bitfield/-/sparse-bitfield-3.0.3.tgz",
      "integrity": "sha512-kvzhi7vqKTfkh0PZU+2D2PIllw2ymqJKujUcyPMd9Y75Nv4nPbGJZXNhxsgdQab2BmlDct1YnfQCguEvHr7VsQ==",
      "optional": true,
      "dependencies": {
        "memory-pager": "^1.0.2"
      }
    },
    "node_modules/sprintf-js": {
      "version": "1.1.3",
      "resolved": "https://registry.npmjs.org/sprintf-js/-/sprintf-js-1.1.3.tgz",
      "integrity": "sha512-Oo+0REFV59/rz3gfJNKQiBlwfHaSESl1pcGyABQsnnIfWOFt6JNj5gCog2U6MLZ//IGYD+nA8nI+mTShREReaA=="
    },
    "node_modules/stats-modifiers": {
      "version": "0.8.0",
      "resolved": "https://registry.npmjs.org/stats-modifiers/-/stats-modifiers-0.8.0.tgz",
      "integrity": "sha512-yNN3DkZSHBEqO/vWLOqHXEx3WjIO7Mgp3eEGs7ZAz66W4LRNWud9qSeL0k3qjvNvbh+aClA95JcmlulpNSjWpA==",
      "dependencies": {
        "array-kit": "^0.2.4",
        "tree-kit": "^0.8.1"
      },
      "engines": {
        "node": ">=16.13.0"
      }
    },
    "node_modules/stream-kit": {
      "version": "0.4.15",
      "resolved": "https://registry.npmjs.org/stream-kit/-/stream-kit-0.4.15.tgz",
      "integrity": "sha512-MF1qxkqPhE62m5nLZrPJ6iMnOax4GFWzwN6Z25x94tsc1tnsiNqWcVzOyHPcsksEuMVdohC9W6F5LENLXWbhWw==",
      "dependencies": {
        "seventh": "^0.7.40"
      },
      "engines": {
        "node": ">=4.5.0"
      }
    },
    "node_modules/stream-kit/node_modules/seventh": {
      "version": "0.7.40",
      "resolved": "https://registry.npmjs.org/seventh/-/seventh-0.7.40.tgz",
      "integrity": "sha512-7sxUydQx4iEh17uJUFjZDAwbffJirldZaNIJvVB/hk9mPEL3J4GpLGSL+mHFH2ydkye46DAsLGqzFJ+/Qj5foQ==",
      "dependencies": {
        "setimmediate": "^1.0.5"
      },
      "engines": {
        "node": ">=7.6.0"
      }
    },
    "node_modules/streamsearch": {
      "version": "0.1.2",
      "resolved": "https://registry.npmjs.org/streamsearch/-/streamsearch-0.1.2.tgz",
      "integrity": "sha512-jos8u++JKm0ARcSUTAZXOVC0mSox7Bhn6sBgty73P1f3JGf7yG2clTbBNHUdde/kdvP2FESam+vM6l8jBrNxHA==",
      "engines": {
        "node": ">=0.8.0"
      }
    },
    "node_modules/string-kit": {
      "version": "0.18.2",
      "resolved": "https://registry.npmjs.org/string-kit/-/string-kit-0.18.2.tgz",
      "integrity": "sha512-LInRG+5UVQc8WeWPKi5MITq50hBmmncNuB8bgNRJjSi695cMPLEJf+eNmUYt+PQSkgrZRbzMMmQ5mKAl7PfIxw==",
      "engines": {
        "node": ">=14.15.0"
      }
    },
    "node_modules/terminal-kit": {
      "version": "3.1.1",
      "resolved": "https://registry.npmjs.org/terminal-kit/-/terminal-kit-3.1.1.tgz",
      "integrity": "sha512-R+R47zBQ14Ax2NZCLeuVl2GwonDwQN4iAsjQZICW8gMzaV+VIJMvL4qhUQtzDOhENADyNPQvY1Vz5G0bHHkLEA==",
      "dependencies": {
        "@cronvel/get-pixels": "^3.4.1",
        "chroma-js": "^2.4.2",
        "lazyness": "^1.2.0",
        "ndarray": "^1.0.19",
        "nextgen-events": "^1.5.3",
        "seventh": "^0.9.2",
        "string-kit": "^0.18.1",
        "tree-kit": "^0.8.7"
      },
      "engines": {
        "node": ">=16.13.0"
      }
    },
    "node_modules/tmp": {
      "version": "0.1.0",
      "resolved": "https://registry.npmjs.org/tmp/-/tmp-0.1.0.tgz",
      "integrity": "sha512-J7Z2K08jbGcdA1kkQpJSqLF6T0tdQqpR2pnSUXsIchbPdTI9v3e85cLW0d6WDhwuAleOV71j2xWs8qMPfK7nKw==",
      "dependencies": {
        "rimraf": "^2.6.3"
      },
      "engines": {
        "node": ">=6"
      }
    },
    "node_modules/tmp/node_modules/rimraf": {
      "version": "2.7.1",
      "resolved": "https://registry.npmjs.org/rimraf/-/rimraf-2.7.1.tgz",
      "integrity": "sha512-uWjbaKIK3T1OSVptzX7Nl6PvQ3qAGtKEtVRjRuazjfL3Bx5eI409VZSqgND+4UNnmzLVdPj9FqFJNPqBZFve4w==",
      "dependencies": {
        "glob": "^7.1.3"
      },
      "bin": {
        "rimraf": "bin.js"
      }
    },
    "node_modules/token-kit": {
      "version": "0.2.1",
      "resolved": "https://registry.npmjs.org/token-kit/-/token-kit-0.2.1.tgz",
      "integrity": "sha512-QTNxKZ9FiHpMWTRQ+1v81WAFVZsIi65bdZgdUSAh2Qmv0+wsipVFznqSBxE7QYNwf/KBJ8XYHqROi1Lm2C9PBA==",
      "dependencies": {
        "uint8-buffer-kit": "^0.1.5"
      }
    },
    "node_modules/touch": {
      "version": "3.1.0",
      "resolved": "https://registry.npmjs.org/touch/-/touch-3.1.0.tgz",
      "integrity": "sha512-WBx8Uy5TLtOSRtIq+M03/sKDrXCLHxwDcquSP2c43Le03/9serjQBIztjRz6FkJez9D/hleyAXTBGLwwZUw9lA==",
      "dependencies": {
        "nopt": "~1.0.10"
      },
      "bin": {
        "nodetouch": "bin/nodetouch.js"
      }
    },
    "node_modules/tr46": {
      "version": "3.0.0",
      "resolved": "https://registry.npmjs.org/tr46/-/tr46-3.0.0.tgz",
      "integrity": "sha512-l7FvfAHlcmulp8kr+flpQZmVwtu7nfRV7NZujtN0OqES8EL4O4e0qqzL0DC5gAvx/ZC/9lk6rhcUwYvkBnBnYA==",
      "dependencies": {
        "punycode": "^2.1.1"
      },
      "engines": {
        "node": ">=12"
      }
    },
    "node_modules/tree-kit": {
      "version": "0.8.7",
      "resolved": "https://registry.npmjs.org/tree-kit/-/tree-kit-0.8.7.tgz",
      "integrity": "sha512-BA/cp8KBvbBDkunxIuoBqzz3pYHL7J8QdzbKohK09urOpHFYqEe/xWGKkECEQG+LvfREd1GNqH3643GYFX8wSQ==",
      "engines": {
        "node": ">=16.13.0"
      }
    },
    "node_modules/uint8-buffer-kit": {
      "version": "0.1.5",
      "resolved": "https://registry.npmjs.org/uint8-buffer-kit/-/uint8-buffer-kit-0.1.5.tgz",
      "integrity": "sha512-p21n5/awOBonEwdLgUA3suVoK3m7gyMtK5zhFGpvBRGlqceg5zuKV/lsD1Sk30hFXNUJGdbibMLZCWGcm765hg=="
    },
    "node_modules/undici-types": {
      "version": "5.26.5",
      "resolved": "https://registry.npmjs.org/undici-types/-/undici-types-5.26.5.tgz",
      "integrity": "sha512-JlCMO+ehdEIKqlFxk6IfVoAUVmgz7cU7zD/h9XZ0qzeosSHmUJVOzSQvvYSYWXkFXC+IfLKSIffhv0sVZup6pA=="
    },
    "node_modules/uniq": {
      "version": "1.0.1",
      "resolved": "https://registry.npmjs.org/uniq/-/uniq-1.0.1.tgz",
      "integrity": "sha512-Gw+zz50YNKPDKXs+9d+aKAjVwpjNwqzvNpLigIruT4HA9lMZNdMqs9x07kKHB/L9WRzqp4+DlTU5s4wG2esdoA=="
    },
    "node_modules/utterminal": {
      "version": "0.7.0",
      "resolved": "https://registry.npmjs.org/utterminal/-/utterminal-0.7.0.tgz",
      "integrity": "sha512-g7V4BfY2CouJWciT0UZeGUF5W8yPtzZLWVf08kDXXVxvHYuzfOmYOsyLkH4wiDfui5WI5dusuKjOZ+8oilJ9BQ==",
      "dependencies": {
        "lazyness": "^1.2.0",
        "string-kit": "^0.17.9",
        "terminal-kit": "^3.0.0",
        "tree-kit": "^0.7.4"
      },
      "engines": {
        "node": ">=16.13.0"
      }
    },
    "node_modules/utterminal/node_modules/string-kit": {
      "version": "0.17.10",
      "resolved": "https://registry.npmjs.org/string-kit/-/string-kit-0.17.10.tgz",
      "integrity": "sha512-n3/2BeEJrlzztoxeBTt9DVh0dfHordBuZoFsSJs59tk1JoPVvtvNsvAgqu0Nlpj5Y/qoQbnT8jCnfuoHcsfGnw==",
      "engines": {
        "node": ">=14.15.0"
      }
    },
    "node_modules/utterminal/node_modules/tree-kit": {
      "version": "0.7.5",
      "resolved": "https://registry.npmjs.org/tree-kit/-/tree-kit-0.7.5.tgz",
      "integrity": "sha512-CmyY7d0OYE5W6UCmvij+SaocG7z+q4roF+Oj7BtU8B+KlpdiRZRMUwNyqfmWYcpYgsOcY1/dfIx/VsLmbAOLGg=="
    },
    "node_modules/webidl-conversions": {
      "version": "7.0.0",
      "resolved": "https://registry.npmjs.org/webidl-conversions/-/webidl-conversions-7.0.0.tgz",
      "integrity": "sha512-VwddBukDzu71offAQR975unBIGqfKZpM+8ZX6ySk8nYhVoo5CYaZyzt3YBvYtRtO+aoGlqxPg/B87NGVZ/fu6g==",
      "engines": {
        "node": ">=12"
      }
    },
    "node_modules/whatwg-url": {
      "version": "11.0.0",
      "resolved": "https://registry.npmjs.org/whatwg-url/-/whatwg-url-11.0.0.tgz",
      "integrity": "sha512-RKT8HExMpoYx4igMiVMY83lN6UeITKJlBQ+vR/8ZJ8OCdSiN3RwCq+9gH0+Xzj0+5IrM6i4j/6LuvzbZIQgEcQ==",
      "dependencies": {
        "tr46": "^3.0.0",
        "webidl-conversions": "^7.0.0"
      },
      "engines": {
        "node": ">=12"
      }
    },
    "node_modules/wrappy": {
      "version": "1.0.2",
      "resolved": "https://registry.npmjs.org/wrappy/-/wrappy-1.0.2.tgz",
      "integrity": "sha512-l4Sp/DRseor9wL6EvV2+TuQn63dMkPjZ/sp9XkghTEbV9KlPS1xUsZ3u7/IQO4wxtcFB4bgpQPRcR3QCvezPcQ=="
    },
    "node_modules/ws": {
      "version": "7.5.9",
      "resolved": "https://registry.npmjs.org/ws/-/ws-7.5.9.tgz",
      "integrity": "sha512-F+P9Jil7UiSKSkppIiD94dN07AwvFixvLIj1Og1Rl9GGMuNipJnV9JzjD6XuqmAeiswGvUmNLjr5cFuXwNS77Q==",
      "engines": {
        "node": ">=8.3.0"
      },
      "peerDependencies": {
        "bufferutil": "^4.0.1",
        "utf-8-validate": "^5.0.2"
      },
      "peerDependenciesMeta": {
        "bufferutil": {
          "optional": true
        },
        "utf-8-validate": {
          "optional": true
        }
      }
    }
  }
}
