{
  "name": "rest-query",
  "version": "0.57.4",
  "lockfileVersion": 1,
  "requires": true,
  "dependencies": {
    "@cronvel/get-pixels": {
      "version": "3.3.1",
      "resolved": "https://registry.npmjs.org/@cronvel/get-pixels/-/get-pixels-3.3.1.tgz",
      "integrity": "sha512-jgDb8vGPkpjRDbiYyHTI2Bna4HJysjPNSiERzBnRJjCR/YqC3u0idTae0tmNECsaZLOpAWmlK9wiIwnLGIT9Bg==",
      "requires": {
        "jpeg-js": "^0.1.1",
        "ndarray": "^1.0.13",
        "ndarray-pack": "^1.1.1",
        "node-bitmap": "0.0.1",
        "omggif": "^1.0.5",
        "pngjs": "^2.0.0"
      }
    },
    "abbrev": {
      "version": "1.1.1",
      "resolved": "https://registry.npmjs.org/abbrev/-/abbrev-1.1.1.tgz",
      "integrity": "sha512-nne9/IiQ/hzIhY6pdDnbBtz7DjPTKrY00P/zvPSm5pOFkl6xuGrGnXn/VtTNNfNtAfZ9/1RtehkszU9qcTii0Q=="
    },
    "async-limiter": {
      "version": "1.0.1",
      "resolved": "https://registry.npmjs.org/async-limiter/-/async-limiter-1.0.1.tgz",
      "integrity": "sha512-csOlWGAcRFJaI6m+F2WKdnMKr4HhdhFVBk0H/QbJFMCr+uO2kwohwXQPxw/9OCxp05r5ghVBFSyioixx3gfkNQ=="
    },
    "babel-tower": {
      "version": "0.18.4",
      "resolved": "https://registry.npmjs.org/babel-tower/-/babel-tower-0.18.4.tgz",
      "integrity": "sha512-QOph1DVlRfDM56B4HurQ2JYhX3AyIlfE+NUokvHBlNTC4zxtaXgkVSe4YfupDIy0nkSMSiDxiGnoAakGoplJfQ==",
      "requires": {
        "kung-fig-ref": "^0.42.5",
        "string-kit": "^0.9.12"
      },
      "dependencies": {
        "string-kit": {
          "version": "0.9.12",
          "resolved": "https://registry.npmjs.org/string-kit/-/string-kit-0.9.12.tgz",
          "integrity": "sha512-l6BRL9uO4uV1o6/r/mJthahp8qatqGv4l6Z2o2mX+y2VYc7gFb2YD0k3zThvw3BATj/nDvLTB1s167vc2JdeDg=="
        }
      }
    },
    "balanced-match": {
      "version": "1.0.0",
      "resolved": "https://registry.npmjs.org/balanced-match/-/balanced-match-1.0.0.tgz",
      "integrity": "sha1-ibTRmasr7kneFk6gK4nORi1xt2c="
    },
    "brace-expansion": {
      "version": "1.1.11",
      "resolved": "https://registry.npmjs.org/brace-expansion/-/brace-expansion-1.1.11.tgz",
      "integrity": "sha512-iCuPHDFgrHX7H2vEI/5xpz07zSHB00TpugqhmYtVmMO6518mCuRMoOYFldEBl0g187ufozdaHgWKcYFb61qGiA==",
      "requires": {
        "balanced-match": "^1.0.0",
        "concat-map": "0.0.1"
      }
    },
    "bson": {
      "version": "1.1.3",
      "resolved": "https://registry.npmjs.org/bson/-/bson-1.1.3.tgz",
      "integrity": "sha512-TdiJxMVnodVS7r0BdL42y/pqC9cL2iKynVwA0Ho3qbsQYr428veL3l7BQyuqiw+Q5SqqoT0m4srSY/BlZ9AxXg=="
    },
    "chroma-js": {
      "version": "2.0.6",
      "resolved": "https://registry.npmjs.org/chroma-js/-/chroma-js-2.0.6.tgz",
      "integrity": "sha512-IiiClbBRkRwuXNl6impq5ssEhUGpmWvc5zzImZbDUWLWcFbj6ZbtsdZEx6sIXMKes7azgYaUpnmsY1T8BL6PqQ=="
    },
    "concat-map": {
      "version": "0.0.1",
      "resolved": "https://registry.npmjs.org/concat-map/-/concat-map-0.0.1.tgz",
      "integrity": "sha1-2Klr13/Wjfd5OnMDajug1UBdR3s="
    },
    "core-util-is": {
      "version": "1.0.2",
      "resolved": "https://registry.npmjs.org/core-util-is/-/core-util-is-1.0.2.tgz",
      "integrity": "sha1-tf1UIgqivFq1eqtxQMlAdUUDwac="
    },
    "cwise-compiler": {
      "version": "1.1.3",
      "resolved": "https://registry.npmjs.org/cwise-compiler/-/cwise-compiler-1.1.3.tgz",
      "integrity": "sha1-9NZnQQ6FDToxOn0tt7HlBbsDTMU=",
      "requires": {
        "uniq": "^1.0.0"
      }
    },
    "doormen": {
      "version": "0.10.15",
      "resolved": "https://registry.npmjs.org/doormen/-/doormen-0.10.15.tgz",
      "integrity": "sha512-pAFS0qhBhE8epEKlL/O1usbuVdu981UtRn7o1QeyarjyfvnYawSLJHJhRdmwXUrMt2eMKOpnl0MesO+1ib5E9A==",
      "requires": {
        "string-kit": "^0.11.1",
        "tree-kit": "^0.6.1"
      }
    },
    "error-status": {
      "version": "1.10.0",
      "resolved": "https://registry.npmjs.org/error-status/-/error-status-1.10.0.tgz",
      "integrity": "sha512-PY+DF1vc+6i9Arv5rMdzYBIMDNrl0NmpTQGeLaPOP5OpLTLWhKnFgbr/JFM2KQeWODpKGeKbjGx95eLtNL9wKQ=="
    },
    "fs-kit": {
      "version": "0.3.2",
      "resolved": "https://registry.npmjs.org/fs-kit/-/fs-kit-0.3.2.tgz",
      "integrity": "sha512-bu5JJsvX931r0Us64ve/inNkn9VMtUWiNxNsZZwb3RlzOYtaPPdO0zmSA5GDMcFQklsfZPUeYahOym2qU+06rw==",
      "requires": {
        "ncp": "^2.0.0",
        "rimraf": "^2.6.2",
        "touch": "^3.1.0"
      }
    },
    "fs.realpath": {
      "version": "1.0.0",
      "resolved": "https://registry.npmjs.org/fs.realpath/-/fs.realpath-1.0.0.tgz",
      "integrity": "sha1-FQStJSMVjKpA20onh8sBQRmU6k8="
    },
    "glob": {
      "version": "7.1.1",
      "resolved": "https://registry.npmjs.org/glob/-/glob-7.1.1.tgz",
      "integrity": "sha1-gFIR3wT6rxxjo2ADBs31reULLsg=",
      "requires": {
        "fs.realpath": "^1.0.0",
        "inflight": "^1.0.4",
        "inherits": "2",
        "minimatch": "^3.0.2",
        "once": "^1.3.0",
        "path-is-absolute": "^1.0.0"
      }
    },
    "hash-kit": {
      "version": "0.3.2",
      "resolved": "https://registry.npmjs.org/hash-kit/-/hash-kit-0.3.2.tgz",
      "integrity": "sha512-4eSkGrZ/jSXcH5OpOvt+qVyzHPRQyVTDeh8FVNddSt50AOf4w5EnnbX8S80XUrucUAmXAfegppBaBfD3TrlX9w=="
    },
    "inflight": {
      "version": "1.0.6",
      "resolved": "https://registry.npmjs.org/inflight/-/inflight-1.0.6.tgz",
      "integrity": "sha1-Sb1jMdfQLQwJvJEKEHW6gWW1bfk=",
      "requires": {
        "once": "^1.3.0",
        "wrappy": "1"
      }
    },
    "inherits": {
      "version": "2.0.3",
      "resolved": "https://registry.npmjs.org/inherits/-/inherits-2.0.3.tgz",
      "integrity": "sha1-Yzwsg+PaQqUC9SRmAiSA9CCCYd4="
    },
    "iota-array": {
      "version": "1.0.0",
      "resolved": "https://registry.npmjs.org/iota-array/-/iota-array-1.0.0.tgz",
      "integrity": "sha1-ge9X/l0FgUzVjCSDYyqZwwoOgIc="
    },
    "is-buffer": {
      "version": "1.1.6",
      "resolved": "https://registry.npmjs.org/is-buffer/-/is-buffer-1.1.6.tgz",
      "integrity": "sha512-NcdALwpXkTm5Zvvbk7owOUSvVvBKDgKP5/ewfXEznmQFfs4ZRmanOeKBTjRVjka3QFoN6XJ+9F3USqfHqTaU5w=="
    },
    "isarray": {
      "version": "0.0.1",
      "resolved": "https://registry.npmjs.org/isarray/-/isarray-0.0.1.tgz",
      "integrity": "sha1-ihis/Kmo9Bd+Cav8YDiTmwXR7t8="
    },
    "jpeg-js": {
      "version": "0.1.2",
      "resolved": "https://registry.npmjs.org/jpeg-js/-/jpeg-js-0.1.2.tgz",
      "integrity": "sha1-E1uZLAV1yYXPoPSUoyJ+0jhYPs4="
    },
    "json-kit": {
      "version": "0.6.3",
      "resolved": "https://registry.npmjs.org/json-kit/-/json-kit-0.6.3.tgz",
      "integrity": "sha512-+1NpWSZu87kzKYEQCOGKfzUnbivECxQy3hk1zweI7Uzblol9Bz3+JLYLjl3RT1IteDmtCMUFu5PZl2wPd7iSjg==",
      "requires": {
        "smart-preprocessor": "^0.3.3"
      }
    },
    "kung-fig": {
      "version": "0.52.8",
      "resolved": "https://registry.npmjs.org/kung-fig/-/kung-fig-0.52.8.tgz",
      "integrity": "sha512-Y7Binriet8X4OGlGa0cBe7jMh+QLrNhm73q2zaymJJEE/zkjgEWzguZfrK46Al7c5+Os5lG+8R3PsKETvQIyOg==",
      "requires": {
        "glob": "^7.1.4",
        "hash-kit": "^0.3.2",
        "kung-fig-common": "^0.42.0",
        "kung-fig-dynamic": "^0.41.12",
        "kung-fig-dynamic-instance": "^0.42.3",
        "kung-fig-expression": "^0.44.7",
        "kung-fig-ref": "^0.42.5",
        "kung-fig-template": "^0.46.4",
        "kung-fig-tree-ops": "^0.45.4",
        "seventh": "^0.7.28",
        "string-kit": "^0.10.1",
        "tree-kit": "^0.6.1"
      },
      "dependencies": {
        "glob": {
          "version": "7.1.6",
          "resolved": "https://registry.npmjs.org/glob/-/glob-7.1.6.tgz",
          "integrity": "sha512-LwaxwyZ72Lk7vZINtNNrywX0ZuLyStrdDtabefZKAY5ZGJhVtgdznluResxNmPitE0SAO+O26sWTHeKSI2wMBA==",
          "requires": {
            "fs.realpath": "^1.0.0",
            "inflight": "^1.0.4",
            "inherits": "2",
            "minimatch": "^3.0.4",
            "once": "^1.3.0",
            "path-is-absolute": "^1.0.0"
          }
        },
        "minimatch": {
          "version": "3.0.4",
          "resolved": "https://registry.npmjs.org/minimatch/-/minimatch-3.0.4.tgz",
          "integrity": "sha512-yJHVQEhyqPLUTgt9B83PXu6W3rx4MvvHvSUvToogpwoGDOUQ+yDrR0HRot+yOCdCO7u4hX3pWft6kWBBcqh0UA==",
          "requires": {
            "brace-expansion": "^1.1.7"
          }
        },
        "string-kit": {
          "version": "0.10.6",
          "resolved": "https://registry.npmjs.org/string-kit/-/string-kit-0.10.6.tgz",
          "integrity": "sha512-5PqaFt1+4MDletys9wGiAyc7iOdvlhlCEd4RghG9HDJsDM41PoL7CA4nKpQ7Jnj8mc5tJSd75TWnrL0UwnB25Q=="
        }
      }
    },
    "kung-fig-common": {
      "version": "0.42.0",
      "resolved": "https://registry.npmjs.org/kung-fig-common/-/kung-fig-common-0.42.0.tgz",
      "integrity": "sha512-GV02LehLCmKV4Qtr480KNV+3N/hC3x2gejDA6Qx1VCOKNL+LTCZZsqt0ojt6PRh4Ae26VY5RD+2RJmZt6ohgDg=="
    },
    "kung-fig-dynamic": {
      "version": "0.41.12",
      "resolved": "https://registry.npmjs.org/kung-fig-dynamic/-/kung-fig-dynamic-0.41.12.tgz",
      "integrity": "sha512-WTDKHP0H4NW0TCNwHIvGl9yGH9JS95Cr+trriX7x6fs2e5Gc0YTxTPTbvCNkrfQkq9L00wFdmRIaL1u64XeKlA=="
    },
    "kung-fig-dynamic-instance": {
      "version": "0.42.3",
      "resolved": "https://registry.npmjs.org/kung-fig-dynamic-instance/-/kung-fig-dynamic-instance-0.42.3.tgz",
      "integrity": "sha512-XMzxLVf0ycKwGpBJAjf7CoZnbxgyZIwCiihnt9fdYcnw2lrHIWKuTqhs11U7ApQa4FSynuu/1TSch8eyaTzH/A==",
      "requires": {
        "kung-fig-dynamic": "^0.41.11"
      }
    },
    "kung-fig-expression": {
      "version": "0.44.7",
      "resolved": "https://registry.npmjs.org/kung-fig-expression/-/kung-fig-expression-0.44.7.tgz",
      "integrity": "sha512-oXb2YBpQUefeOx4K1731vCDjVPPJSpeCJEGHeuOvTXUoiXudosLRo5PQIZP8PtaSl91iyTBT9QCIoFwUz3SAvA==",
      "requires": {
        "kung-fig-common": "^0.42.0",
        "kung-fig-dynamic": "^0.41.12",
        "kung-fig-ref": "^0.42.5"
      }
    },
    "kung-fig-ref": {
      "version": "0.42.5",
      "resolved": "https://registry.npmjs.org/kung-fig-ref/-/kung-fig-ref-0.42.5.tgz",
      "integrity": "sha512-ITcE9JDgkvbZypRwXPCfyCdnGQ+NJ1hnhxBFZWYYfyONt8DUOa8e8KNwrDjj/QJW3j+Dx5aJ8Nbl4fQvy3133w==",
      "requires": {
        "kung-fig-common": "^0.42.0",
        "kung-fig-dynamic": "^0.41.12"
      }
    },
    "kung-fig-template": {
      "version": "0.46.4",
      "resolved": "https://registry.npmjs.org/kung-fig-template/-/kung-fig-template-0.46.4.tgz",
      "integrity": "sha512-rr0SkJvR3nPPWZF0eAX1wEqXdB5igT/GRprJJOHBdrd+xIVouuIQcDCzxF0PKYPxGyuOY6tQuc3OSzZ9mXnanQ==",
      "requires": {
        "babel-tower": "^0.18.1",
        "kung-fig-common": "^0.42.0"
      }
    },
    "kung-fig-tree-ops": {
      "version": "0.45.4",
      "resolved": "https://registry.npmjs.org/kung-fig-tree-ops/-/kung-fig-tree-ops-0.45.4.tgz",
      "integrity": "sha512-NJ+qVsbdpaMG2KYfmdtq8SOmu6E0HlWiyDceybR2v2x+y14lyqfpuvSLyrS9VoeaVHoAT+1jThAowMShmgqBxQ=="
    },
    "lazyness": {
      "version": "1.1.1",
      "resolved": "https://registry.npmjs.org/lazyness/-/lazyness-1.1.1.tgz",
      "integrity": "sha512-rYHC6l6LeRlJSt5jxpqN8z/49gZ0CqLi89HAGzJjHahCFlqEjFGFN9O15hmzSzUGFl7zN/vOWduv/+0af3r/kQ=="
    },
    "logfella": {
      "version": "1.3.6",
      "resolved": "https://registry.npmjs.org/logfella/-/logfella-1.3.6.tgz",
      "integrity": "sha512-FTxN4nJ8siJzo0hEcBuSgpKZSfsKmJJAwK3r+Sc3QxJkGfOcALdPlb/vswiviXIiiOpdBEUQfiPCuJoIAZxeqw==",
      "requires": {
        "kung-fig-tree-ops": "^0.45.4",
        "logfella-common-transport": "^1.0.1",
        "seventh": "^0.7.30",
        "string-kit": "^0.11.6",
        "tree-kit": "^0.6.2"
      }
    },
    "logfella-client": {
      "version": "1.2.3",
      "resolved": "https://registry.npmjs.org/logfella-client/-/logfella-client-1.2.3.tgz",
      "integrity": "sha512-0HDbawb4a6dhCFc/IOj96vu83SPLliejfiB1rb9+sgyX8tJ3ah5Yeiav0CxC9yPwWErFgIT86XchCm4U7ztuHA==",
      "requires": {
        "logfella": "^1.3.1",
        "string-kit": "^0.10.1",
        "terminal-kit": "^1.31.4",
        "utterminal": "^0.5.39"
      },
      "dependencies": {
        "string-kit": {
          "version": "0.10.6",
          "resolved": "https://registry.npmjs.org/string-kit/-/string-kit-0.10.6.tgz",
          "integrity": "sha512-5PqaFt1+4MDletys9wGiAyc7iOdvlhlCEd4RghG9HDJsDM41PoL7CA4nKpQ7Jnj8mc5tJSd75TWnrL0UwnB25Q=="
        }
      }
    },
    "logfella-common-transport": {
      "version": "1.0.1",
      "resolved": "https://registry.npmjs.org/logfella-common-transport/-/logfella-common-transport-1.0.1.tgz",
      "integrity": "sha512-vYZdCv6qWqByx/g8xGsDIzcaylRScReVaacNeMsNo2ic124fEDLtIdVJapSwAzfpRLAHawkm08czqdSQcsmXmg=="
    },
    "memory-pager": {
      "version": "1.5.0",
      "resolved": "https://registry.npmjs.org/memory-pager/-/memory-pager-1.5.0.tgz",
      "integrity": "sha512-ZS4Bp4r/Zoeq6+NLJpP+0Zzm0pR8whtGPf1XExKLJBAczGMnSi3It14OiNCStjQjM6NU1okjQGSxgEZN8eBYKg==",
      "optional": true
    },
    "minimatch": {
      "version": "3.0.3",
      "resolved": "https://registry.npmjs.org/minimatch/-/minimatch-3.0.3.tgz",
      "integrity": "sha1-Kk5AkLlrLbBqnX3wEFWmKnfJt3Q=",
      "requires": {
        "brace-expansion": "^1.0.0"
      }
    },
    "minimist": {
      "version": "1.2.0",
      "resolved": "https://registry.npmjs.org/minimist/-/minimist-1.2.0.tgz",
      "integrity": "sha1-o1AIsg9BOD7sH7kU9M1d95omQoQ="
    },
    "mongodb": {
      "version": "3.4.1",
      "resolved": "https://registry.npmjs.org/mongodb/-/mongodb-3.4.1.tgz",
      "integrity": "sha512-juqt5/Z42J4DcE7tG7UdVaTKmUC6zinF4yioPfpeOSNBieWSK6qCY+0tfGQcHLKrauWPDdMZVROHJOa8q2pWsA==",
      "requires": {
        "bson": "^1.1.1",
        "require_optional": "^1.0.1",
        "safe-buffer": "^5.1.2",
        "saslprep": "^1.0.0"
      }
    },
    "ncp": {
      "version": "2.0.0",
      "resolved": "https://registry.npmjs.org/ncp/-/ncp-2.0.0.tgz",
      "integrity": "sha1-GVoh1sRuNh0vsSgbo4uR6d9727M="
    },
    "ndarray": {
      "version": "1.0.18",
      "resolved": "https://registry.npmjs.org/ndarray/-/ndarray-1.0.18.tgz",
      "integrity": "sha1-tg06cyJOxVXQ+qeXEeUCRI/T95M=",
      "requires": {
        "iota-array": "^1.0.0",
        "is-buffer": "^1.0.2"
      }
    },
    "ndarray-pack": {
      "version": "1.2.1",
      "resolved": "https://registry.npmjs.org/ndarray-pack/-/ndarray-pack-1.2.1.tgz",
      "integrity": "sha1-jK6+qqJNXs9w/4YCBjeXfajuWFo=",
      "requires": {
        "cwise-compiler": "^1.1.2",
        "ndarray": "^1.0.13"
      }
    },
    "nested-proxies": {
      "version": "0.1.8",
      "resolved": "https://registry.npmjs.org/nested-proxies/-/nested-proxies-0.1.8.tgz",
      "integrity": "sha512-rwauKwAmtCvk0r1E1CDE1I9Qz9BjRNY5GQgJ7bEcKOBluXkrHVcs92qkpS2kl6Qin/rKusQyAZhXqwXE/v+beA=="
    },
    "nextgen-events": {
      "version": "1.3.0",
      "resolved": "https://registry.npmjs.org/nextgen-events/-/nextgen-events-1.3.0.tgz",
      "integrity": "sha512-eBz5mrO4Hw2eenPVm0AVPHuAzg/RZetAWMI547RH8O9+a0UYhCysiZ3KoNWslnWNlHetb9kzowEshsKsmFo2YQ=="
    },
    "node-bitmap": {
      "version": "0.0.1",
      "resolved": "https://registry.npmjs.org/node-bitmap/-/node-bitmap-0.0.1.tgz",
      "integrity": "sha1-GA6scAPgxwdhjvMTaPYvhLKmkJE="
    },
    "nopt": {
      "version": "1.0.10",
      "resolved": "https://registry.npmjs.org/nopt/-/nopt-1.0.10.tgz",
      "integrity": "sha1-bd0hvSoxQXuScn3Vhfim83YI6+4=",
      "requires": {
        "abbrev": "1"
      }
    },
    "omggif": {
      "version": "1.0.9",
      "resolved": "https://registry.npmjs.org/omggif/-/omggif-1.0.9.tgz",
      "integrity": "sha1-3LcCTazVDFK00wPwSALJHAV8dl8="
    },
    "once": {
      "version": "1.4.0",
      "resolved": "https://registry.npmjs.org/once/-/once-1.4.0.tgz",
      "integrity": "sha1-WDsap3WWHUsROsF9nFC6753Xa9E=",
      "requires": {
        "wrappy": "1"
      }
    },
    "path-is-absolute": {
      "version": "1.0.1",
      "resolved": "https://registry.npmjs.org/path-is-absolute/-/path-is-absolute-1.0.1.tgz",
      "integrity": "sha1-F0uSaHNVNP+8es5r9TpanhtcX18="
    },
    "pngjs": {
      "version": "2.3.1",
      "resolved": "https://registry.npmjs.org/pngjs/-/pngjs-2.3.1.tgz",
      "integrity": "sha1-EdHhK5y2TWPjDBQ6Mw9MH1Z9qF8="
    },
    "qs-kit": {
      "version": "0.6.4",
      "resolved": "https://registry.npmjs.org/qs-kit/-/qs-kit-0.6.4.tgz",
      "integrity": "sha512-Ig+WbP7jXT3shns69omK4vxJjf2DPBP0KHAV+lh19u9ofQz7l/6h9pgXD7ipBwaIhnAMRGa/SqzCwSfCAaVGOw==",
      "requires": {
        "tree-kit": "^0.6.0"
      }
    },
    "readable-stream": {
      "version": "1.1.14",
      "resolved": "http://registry.npmjs.org/readable-stream/-/readable-stream-1.1.14.tgz",
      "integrity": "sha1-fPTFTvZI44EwhMY23SB54WbAgdk=",
      "requires": {
        "core-util-is": "~1.0.0",
        "inherits": "~2.0.1",
        "isarray": "0.0.1",
        "string_decoder": "~0.10.x"
      }
    },
    "require_optional": {
      "version": "1.0.1",
      "resolved": "https://registry.npmjs.org/require_optional/-/require_optional-1.0.1.tgz",
      "integrity": "sha512-qhM/y57enGWHAe3v/NcwML6a3/vfESLe/sGM2dII+gEO0BpKRUkWZow/tyloNqJyN6kXSl3RyyM8Ll5D/sJP8g==",
      "requires": {
        "resolve-from": "^2.0.0",
        "semver": "^5.1.0"
      }
    },
    "resolve-from": {
      "version": "2.0.0",
      "resolved": "https://registry.npmjs.org/resolve-from/-/resolve-from-2.0.0.tgz",
      "integrity": "sha1-lICrIOlP+h2egKgEx+oUdhGWa1c="
    },
    "rest-query-shared": {
      "version": "0.33.9",
      "resolved": "https://registry.npmjs.org/rest-query-shared/-/rest-query-shared-0.33.9.tgz",
      "integrity": "sha512-BuBKImUbJrCAZ77VfX+hjg8c6QIuAeVIGg8yyAwIKLze2Kf5RnoHt+wH33KWId3+8rGGTd+81T/jknHBcC8tVQ==",
      "requires": {
        "string-kit": "^0.9.6",
        "tree-kit": "^0.6.1"
      },
      "dependencies": {
        "string-kit": {
          "version": "0.9.12",
          "resolved": "https://registry.npmjs.org/string-kit/-/string-kit-0.9.12.tgz",
          "integrity": "sha512-l6BRL9uO4uV1o6/r/mJthahp8qatqGv4l6Z2o2mX+y2VYc7gFb2YD0k3zThvw3BATj/nDvLTB1s167vc2JdeDg=="
        }
      }
    },
    "rimraf": {
      "version": "2.6.2",
      "resolved": "https://registry.npmjs.org/rimraf/-/rimraf-2.6.2.tgz",
      "integrity": "sha512-lreewLK/BlghmxtfH36YYVg1i8IAce4TI7oao75I1g245+6BctqTVQiBP3YUJ9C6DQOXJmkYR9X9fCLtCOJc5w==",
      "requires": {
        "glob": "^7.0.5"
      }
    },
    "roots-db": {
      "version": "0.25.3",
      "resolved": "https://registry.npmjs.org/roots-db/-/roots-db-0.25.3.tgz",
      "integrity": "sha512-t+1DFrTbDk1Wuc5JfhBFvG9LbUIO4I1Gf4oEAzOHbdVVgAyGPcXXIAABeqSdjWttLFym5iEDp6SvSeRh35GACg==",
      "requires": {
        "doormen": "^0.10.15",
        "error-status": "^1.10.0",
        "fs-kit": "^0.3.2",
        "hash-kit": "^0.3.2",
        "logfella": "^1.3.4",
        "mongodb": "^3.4.1",
        "nested-proxies": "^0.1.8",
        "seventh": "^0.7.30",
        "tree-kit": "^0.6.2"
      }
    },
    "safe-buffer": {
      "version": "5.2.0",
      "resolved": "https://registry.npmjs.org/safe-buffer/-/safe-buffer-5.2.0.tgz",
      "integrity": "sha512-fZEwUGbVl7kouZs1jCdMLdt95hdIv0ZeHg6L7qPeciMZhZ+/gdesW4wgTARkrFWEpspjEATAzUGPG8N2jJiwbg=="
    },
    "saslprep": {
      "version": "1.0.3",
      "resolved": "https://registry.npmjs.org/saslprep/-/saslprep-1.0.3.tgz",
      "integrity": "sha512-/MY/PEMbk2SuY5sScONwhUDsV2p77Znkb/q3nSVstq/yQzYJOH/Azh29p9oJLsl3LnQwSvZDKagDGBsBwSooag==",
      "optional": true,
      "requires": {
        "sparse-bitfield": "^3.0.3"
      }
    },
    "semver": {
      "version": "5.7.1",
      "resolved": "https://registry.npmjs.org/semver/-/semver-5.7.1.tgz",
      "integrity": "sha512-sauaDf/PZdVgrLTNYHRtpXa1iRiKcaebiKQ1BJdpQlWH2lCvexQdX55snPFyK7QzpudqbCI0qXFfOasHdyNDGQ=="
    },
    "server-kit": {
      "version": "0.9.20",
      "resolved": "https://registry.npmjs.org/server-kit/-/server-kit-0.9.20.tgz",
      "integrity": "sha512-xOEHkqgRgv6HMtX29hdO65EfTm3LeF0lSAAy5umq4HcEvyOgcwQruP+8X6kHVeIAkklzyGoVbBa6XlRNPYC9LQ==",
      "requires": {
        "lazyness": "^1.1.1",
        "logfella": "^1.3.4",
        "nextgen-events": "^1.3.0",
        "qs-kit": "^0.6.4",
        "server-kit-dicer": "^0.4.0",
        "seventh": "^0.7.30",
        "ws": "^7.2.0"
      }
    },
    "server-kit-dicer": {
      "version": "0.4.0",
      "resolved": "https://registry.npmjs.org/server-kit-dicer/-/server-kit-dicer-0.4.0.tgz",
      "integrity": "sha1-7zdo38UUMnvBHrRj21rA++ivF54=",
      "requires": {
        "readable-stream": "1.1.x",
        "streamsearch": "0.1.2"
      }
    },
    "setimmediate": {
      "version": "1.0.5",
      "resolved": "https://registry.npmjs.org/setimmediate/-/setimmediate-1.0.5.tgz",
      "integrity": "sha1-KQy7Iy4waULX1+qbg3Mqt4VvgoU="
    },
    "seventh": {
      "version": "0.7.30",
      "resolved": "https://registry.npmjs.org/seventh/-/seventh-0.7.30.tgz",
      "integrity": "sha512-GDX4eZEZXQFqURkUA802R3GkawzGA8zm2QS9AfFqPcJKakoytxhI0soTRfhEqNhqh0RrRFO/EraffrAULaxiQQ==",
      "requires": {
        "setimmediate": "^1.0.5"
      }
    },
    "smart-preprocessor": {
      "version": "0.3.3",
      "resolved": "https://registry.npmjs.org/smart-preprocessor/-/smart-preprocessor-0.3.3.tgz",
      "integrity": "sha512-gnU56MaKa86mZtYsLUdGYuljuJBkOQB/hOD3GMARIimFvOSDsKVh2KGdnoPYX9eGDiVgbZzJ56dE2DzSUsajpQ==",
      "requires": {
        "glob": "^7.1.3",
        "hash-kit": "^0.3.2",
        "minimist": "^1.2.0",
        "tree-kit": "^0.6.0"
      },
      "dependencies": {
        "glob": {
          "version": "7.1.4",
          "resolved": "https://registry.npmjs.org/glob/-/glob-7.1.4.tgz",
          "integrity": "sha512-hkLPepehmnKk41pUGm3sYxoFs/umurYfYJCerbXEyFIWcAzvpipAgVkBqqT9RBKMGjnq6kMuyYwha6csxbiM1A==",
          "requires": {
            "fs.realpath": "^1.0.0",
            "inflight": "^1.0.4",
            "inherits": "2",
            "minimatch": "^3.0.4",
            "once": "^1.3.0",
            "path-is-absolute": "^1.0.0"
          }
        },
        "minimatch": {
          "version": "3.0.4",
          "resolved": "https://registry.npmjs.org/minimatch/-/minimatch-3.0.4.tgz",
          "integrity": "sha512-yJHVQEhyqPLUTgt9B83PXu6W3rx4MvvHvSUvToogpwoGDOUQ+yDrR0HRot+yOCdCO7u4hX3pWft6kWBBcqh0UA==",
          "requires": {
            "brace-expansion": "^1.1.7"
          }
        }
      }
    },
    "sparse-bitfield": {
      "version": "3.0.3",
      "resolved": "https://registry.npmjs.org/sparse-bitfield/-/sparse-bitfield-3.0.3.tgz",
      "integrity": "sha1-/0rm5oZWBWuks+eSqzM004JzyhE=",
      "optional": true,
      "requires": {
        "memory-pager": "^1.0.2"
      }
    },
    "streamsearch": {
      "version": "0.1.2",
      "resolved": "https://registry.npmjs.org/streamsearch/-/streamsearch-0.1.2.tgz",
      "integrity": "sha1-gIudDlb8Jz2Am6VzOOkpkZoanxo="
    },
    "string-kit": {
      "version": "0.11.6",
      "resolved": "https://registry.npmjs.org/string-kit/-/string-kit-0.11.6.tgz",
      "integrity": "sha512-rI3KOfSgFg02+BSP/ocUl8E3hoqV8C8OsMHUZhIy2BHfP8V0HV0iGwM67Zzepv+U9XryH01tHO8EAIaIK66Eqg=="
    },
    "string_decoder": {
      "version": "0.10.31",
      "resolved": "https://registry.npmjs.org/string_decoder/-/string_decoder-0.10.31.tgz",
      "integrity": "sha1-YuIDvEF2bGwoyfyEMB2rHFMQ+pQ="
    },
    "terminal-kit": {
      "version": "1.31.4",
      "resolved": "https://registry.npmjs.org/terminal-kit/-/terminal-kit-1.31.4.tgz",
      "integrity": "sha512-alrT1vDcKamNxdU8HrN25hTsHBuSWb++HVPVy98xbbUJBTw5l+NiF+ILAO56fl0XQLPOMqVUs0lhqf0B20Lucg==",
      "requires": {
        "@cronvel/get-pixels": "^3.3.1",
        "chroma-js": "^2.0.6",
        "lazyness": "^1.1.1",
        "ndarray": "^1.0.18",
        "nextgen-events": "^1.3.0",
        "seventh": "^0.7.28",
        "string-kit": "^0.10.0",
        "tree-kit": "^0.6.1"
      },
      "dependencies": {
        "string-kit": {
          "version": "0.10.6",
          "resolved": "https://registry.npmjs.org/string-kit/-/string-kit-0.10.6.tgz",
          "integrity": "sha512-5PqaFt1+4MDletys9wGiAyc7iOdvlhlCEd4RghG9HDJsDM41PoL7CA4nKpQ7Jnj8mc5tJSd75TWnrL0UwnB25Q=="
        }
      }
    },
    "token-kit": {
      "version": "0.2.1",
      "resolved": "https://registry.npmjs.org/token-kit/-/token-kit-0.2.1.tgz",
      "integrity": "sha512-QTNxKZ9FiHpMWTRQ+1v81WAFVZsIi65bdZgdUSAh2Qmv0+wsipVFznqSBxE7QYNwf/KBJ8XYHqROi1Lm2C9PBA==",
      "requires": {
        "uint8-buffer-kit": "^0.1.5"
      }
    },
    "touch": {
      "version": "3.1.0",
      "resolved": "https://registry.npmjs.org/touch/-/touch-3.1.0.tgz",
      "integrity": "sha512-WBx8Uy5TLtOSRtIq+M03/sKDrXCLHxwDcquSP2c43Le03/9serjQBIztjRz6FkJez9D/hleyAXTBGLwwZUw9lA==",
      "requires": {
        "nopt": "~1.0.10"
      }
    },
    "tree-kit": {
      "version": "0.6.2",
      "resolved": "https://registry.npmjs.org/tree-kit/-/tree-kit-0.6.2.tgz",
      "integrity": "sha512-95UzJA0EMbFfu5sGUUOoXixQMUGkwu82nGM4lmqLyQl+R4H3FK+lS0nT8TZJ5x7JhSHy+saVn7/AOqh6d+tmOg=="
    },
    "uint8-buffer-kit": {
      "version": "0.1.5",
      "resolved": "https://registry.npmjs.org/uint8-buffer-kit/-/uint8-buffer-kit-0.1.5.tgz",
      "integrity": "sha1-vmSGFxYRb9ll3WSfm84UQlB4uJc="
    },
    "uniq": {
      "version": "1.0.1",
      "resolved": "https://registry.npmjs.org/uniq/-/uniq-1.0.1.tgz",
      "integrity": "sha1-sxxa6CVIRKOoKBVBzisEuGWnNP8="
    },
    "utterminal": {
      "version": "0.5.41",
      "resolved": "https://registry.npmjs.org/utterminal/-/utterminal-0.5.41.tgz",
      "integrity": "sha512-/5BPsdUh3UqygHKYbnDyaXIWL4nVzSwL+PrXMxwdnqX9TWGKxQoP33kYPii4t522GRdE76QNQRPifpMY/HO6gg==",
      "requires": {
        "lazyness": "^1.1.1",
        "string-kit": "^0.11.2",
        "terminal-kit": "^1.32.2",
        "tree-kit": "^0.6.2"
      },
      "dependencies": {
        "terminal-kit": {
          "version": "1.32.2",
          "resolved": "https://registry.npmjs.org/terminal-kit/-/terminal-kit-1.32.2.tgz",
          "integrity": "sha512-OjN7FQ1n3rhJblI1LNUt9sP+t8kkJVQi96sJoFcnRECE59nKK5B1mfS6OCvOeDzH89mUABZYcoPE9rj4LTmhGQ==",
          "requires": {
            "@cronvel/get-pixels": "^3.3.1",
            "chroma-js": "^2.0.6",
            "lazyness": "^1.1.1",
            "ndarray": "^1.0.18",
            "nextgen-events": "^1.3.0",
            "seventh": "^0.7.30",
            "string-kit": "^0.11.2",
            "tree-kit": "^0.6.2"
          }
        }
      }
    },
    "wrappy": {
      "version": "1.0.2",
      "resolved": "https://registry.npmjs.org/wrappy/-/wrappy-1.0.2.tgz",
      "integrity": "sha1-tSQ9jz7BqjXxNkYFvA0QNuMKtp8="
    },
    "ws": {
      "version": "7.2.0",
      "resolved": "https://registry.npmjs.org/ws/-/ws-7.2.0.tgz",
      "integrity": "sha512-+SqNqFbwTm/0DC18KYzIsMTnEWpLwJsiasW/O17la4iDRRIO9uaHbvKiAS3AHgTiuuWerK/brj4O6MYZkei9xg==",
      "requires": {
        "async-limiter": "^1.0.0"
      }
    }
  }
}
